
Microsoft Visual Studio Solution File, Format Version 12.00
# Visual Studio Version 16
VisualStudioVersion = 16.0.29418.71
MinimumVisualStudioVersion = 10.0.40219.1
Project("{9A19103F-16F7-4668-BE54-9A1E7A4F7556}") = "Penguin.Cms.Modules.Admin", "Penguin.Cms.Modules.Admin.csproj", "{BD6B8238-A5F8-4DAE-A9AB-0CAA3186F721}"
EndProject
Global
	GlobalSection(SolutionConfigurationPlatforms) = preSolution
		Debug|Any CPU = Debug|Any CPU
		Release|Any CPU = Release|Any CPU
	EndGlobalSection
	GlobalSection(ProjectConfigurationPlatforms) = postSolution
		{BD6B8238-A5F8-4DAE-A9AB-0CAA3186F721}.Debug|Any CPU.ActiveCfg = Debug|Any CPU
		{BD6B8238-A5F8-4DAE-A9AB-0CAA3186F721}.Debug|Any CPU.Build.0 = Debug|Any CPU
		{BD6B8238-A5F8-4DAE-A9AB-0CAA3186F721}.Release|Any CPU.ActiveCfg = Release|Any CPU
		{BD6B8238-A5F8-4DAE-A9AB-0CAA3186F721}.Release|Any CPU.Build.0 = Release|Any CPU
	EndGlobalSection
	GlobalSection(SolutionProperties) = preSolution
		HideSolutionNode = FALSE
	EndGlobalSection
	GlobalSection(ExtensibilityGlobals) = postSolution
		SolutionGuid = {330562E7-CED3-4FCC-AAEB-71FC4A419206}
	EndGlobalSection
EndGlobal
