
Microsoft Visual Studio Solution File, Format Version 12.00
# Visual Studio 15
VisualStudioVersion = 15.0.26124.0
MinimumVisualStudioVersion = 15.0.26124.0
Project("{FAE04EC0-301F-11D3-BF4B-00C04F79EFBC}") = "Penguin.Cms.Modules.Admin.Local", "Penguin.Cms.Modules.Admin.Local.csproj", "{BC2F40B5-35AF-42BB-9B45-A1DF5816ECE4}"
EndProject
Project("{FAE04EC0-301F-11D3-BF4B-00C04F79EFBC}") = "Penguin.Cms.Entities.Local", "..\Penguin.Cms.Entities\Penguin.Cms.Entities.Local.csproj", "{2F78A3F7-946F-4726-881E-A41155B5C071}"
EndProject
Project("{FAE04EC0-301F-11D3-BF4B-00C04F79EFBC}") = "Penguin.Persistence.Abstractions.Local", "..\Penguin.Persistence.Abstractions\Penguin.Persistence.Abstractions.Local.csproj", "{1239A23F-DCA7-4E2C-ACB8-B7E691BA0D0B}"
EndProject
Project("{FAE04EC0-301F-11D3-BF4B-00C04F79EFBC}") = "Penguin.Entities.Abstractions.Local", "..\Penguin.Entities.Abstractions\Penguin.Entities.Abstractions.Local.csproj", "{3446B3C7-770B-41F3-8674-4B99393E098C}"
EndProject
Project("{FAE04EC0-301F-11D3-BF4B-00C04F79EFBC}") = "Penguin.Reflection.Extensions.Local", "..\Penguin.Reflection.Extensions\Penguin.Reflection.Extensions.Local.csproj", "{5C747F4F-C5B8-4400-BD72-28C5D5AD95BE}"
EndProject
Project("{FAE04EC0-301F-11D3-BF4B-00C04F79EFBC}") = "Penguin.Extensions.String.Local", "..\Penguin.Extensions.String\Penguin.Extensions.String.Local.csproj", "{0F85F73B-D70C-4B42-AE7E-AAE99EC5004D}"
EndProject
Project("{FAE04EC0-301F-11D3-BF4B-00C04F79EFBC}") = "Penguin.Reflection.Abstractions.Local", "..\Penguin.Reflection.Abstractions\Penguin.Reflection.Abstractions.Local.csproj", "{D70C445E-35B5-4D2C-B7AB-0CADC5C40715}"
EndProject
Project("{FAE04EC0-301F-11D3-BF4B-00C04F79EFBC}") = "Penguin.Cms.Modules.Core.Local", "..\Penguin.Cms.Modules.Core\Penguin.Cms.Modules.Core.Local.csproj", "{0D9F9745-3913-4E78-9274-D163E3E1487F}"
EndProject
Project("{FAE04EC0-301F-11D3-BF4B-00C04F79EFBC}") = "Penguin.Cms.Abstractions.Local", "..\Penguin.Cms.Abstractions\Penguin.Cms.Abstractions.Local.csproj", "{D699D89E-1B4A-4ED0-B4D5-1D0E339A90F0}"
EndProject
Project("{FAE04EC0-301F-11D3-BF4B-00C04F79EFBC}") = "Penguin.DependencyInjection.Abstractions.Local", "..\Penguin.DependencyInjection.Abstractions\Penguin.DependencyInjection.Abstractions.Local.csproj", "{BCF10BF5-EE64-4B16-9BCA-B019DE00145E}"
EndProject
Project("{FAE04EC0-301F-11D3-BF4B-00C04F79EFBC}") = "Penguin.Cms.Core.Local", "..\Penguin.Cms.Core\Penguin.Cms.Core.Local.csproj", "{9B979370-E531-4DED-8055-32437FC00E60}"
EndProject
Project("{FAE04EC0-301F-11D3-BF4B-00C04F79EFBC}") = "Penguin.Reflection.Local", "..\Penguin.Reflection\Penguin.Reflection.Local.csproj", "{AE966FC6-863B-4388-BA83-8154EF14C4A0}"
EndProject
Project("{FAE04EC0-301F-11D3-BF4B-00C04F79EFBC}") = "Penguin.Debugging.Local", "..\Penguin.Debugging\Penguin.Debugging.Local.csproj", "{50336E26-1B81-4EB7-B780-AB654360935C}"
EndProject
Project("{FAE04EC0-301F-11D3-BF4B-00C04F79EFBC}") = "Penguin.Extensions.Exceptions.Local", "..\Penguin.Extensions.Exceptions\Penguin.Extensions.Exceptions.Local.csproj", "{4600D454-B5BA-457F-B5AE-DC562BE94B54}"
EndProject
Project("{FAE04EC0-301F-11D3-BF4B-00C04F79EFBC}") = "Penguin.Cms.Web.Local", "..\Penguin.Cms.Web\Penguin.Cms.Web.Local.csproj", "{F63022C9-D673-4389-9691-CED75A16215A}"
EndProject
Project("{FAE04EC0-301F-11D3-BF4B-00C04F79EFBC}") = "Penguin.Configuration.Local", "..\Penguin.Configuration\Penguin.Configuration.Local.csproj", "{12A91678-6FF8-4A9F-BE32-5E221F9EC0D9}"
EndProject
Project("{FAE04EC0-301F-11D3-BF4B-00C04F79EFBC}") = "Penguin.Configuration.Abstractions.Local", "..\Penguin.Configuration.Abstractions\Penguin.Configuration.Abstractions.Local.csproj", "{95DF7A93-011C-41B4-9B81-83B0070931F4}"
EndProject
Project("{FAE04EC0-301F-11D3-BF4B-00C04F79EFBC}") = "Penguin.DependencyInjection.Local", "..\Penguin.DependencyInjection\Penguin.DependencyInjection.Local.csproj", "{AF7DC659-6645-43AC-80CC-46DEDBF240A1}"
EndProject
Project("{FAE04EC0-301F-11D3-BF4B-00C04F79EFBC}") = "Penguin.Extensions.Collections.Local", "..\Penguin.Extensions.Collections\Penguin.Extensions.Collections.Local.csproj", "{611CCFEA-E858-47A1-94F8-F0BE2F83EC12}"
EndProject
Project("{FAE04EC0-301F-11D3-BF4B-00C04F79EFBC}") = "Penguin.Files.Local", "..\Penguin.Files\Penguin.Files.Local.csproj", "{0E215AC5-DF01-4716-A614-281AB97806D5}"
EndProject
Project("{FAE04EC0-301F-11D3-BF4B-00C04F79EFBC}") = "Penguin.Files.Abstractions.Local", "..\Penguin.Files.Abstractions\Penguin.Files.Abstractions.Local.csproj", "{968D3DFF-DBC4-45D6-A5ED-26254DF2856D}"
EndProject
Project("{FAE04EC0-301F-11D3-BF4B-00C04F79EFBC}") = "Penguin.Security.Abstractions.Local", "..\Penguin.Security.Abstractions\Penguin.Security.Abstractions.Local.csproj", "{0D8B4A1D-36E6-4742-82DD-8012ED2BAF8B}"
EndProject
Project("{FAE04EC0-301F-11D3-BF4B-00C04F79EFBC}") = "Penguin.Messaging.Application.Local", "..\Penguin.Messaging.Application\Penguin.Messaging.Application.Local.csproj", "{4CD98087-039E-48B1-A38A-9C1C76FFD228}"
EndProject
Project("{FAE04EC0-301F-11D3-BF4B-00C04F79EFBC}") = "Penguin.Messaging.Abstractions.Local", "..\Penguin.Messaging.Abstractions\Penguin.Messaging.Abstractions.Local.csproj", "{B907D40E-15A1-4064-ABC8-9774F0C46B73}"
EndProject
Project("{FAE04EC0-301F-11D3-BF4B-00C04F79EFBC}") = "Penguin.Messaging.Core.Local", "..\Penguin.Messaging.Core\Penguin.Messaging.Core.Local.csproj", "{3FD14E6D-A372-49C8-82B9-BC25004AABBE}"
EndProject
Project("{FAE04EC0-301F-11D3-BF4B-00C04F79EFBC}") = "Penguin.Persistence.Database.Local", "..\Penguin.Persistence.Database\Penguin.Persistence.Database.Local.csproj", "{5A1BC528-351C-4262-A7D7-D5388A828F4F}"
EndProject
Project("{FAE04EC0-301F-11D3-BF4B-00C04F79EFBC}") = "Penguin.Threading.BackgroundWorker.Local", "..\Penguin.Threading.BackgroundWorker\Penguin.Threading.BackgroundWorker.Local.csproj", "{C5EB4921-4049-46B6-8A14-D0446AA3AA80}"
EndProject
Project("{FAE04EC0-301F-11D3-BF4B-00C04F79EFBC}") = "Penguin.Persistence.Repositories.Local", "..\Penguin.Persistence.Repositories\Penguin.Persistence.Repositories.Local.csproj", "{45F4BEB2-8C44-47ED-BF42-492E280CC653}"
EndProject
Project("{FAE04EC0-301F-11D3-BF4B-00C04F79EFBC}") = "Penguin.Messaging.Persistence.Local", "..\Penguin.Messaging.Persistence\Penguin.Messaging.Persistence.Local.csproj", "{A4798A64-7C07-4F2D-AB69-E47A22FFFAFC}"
EndProject
Project("{FAE04EC0-301F-11D3-BF4B-00C04F79EFBC}") = "Penguin.Reflection.Serialization.Local", "..\Penguin.Reflection.Serialization\Penguin.Reflection.Serialization.Local.csproj", "{B43B4AB0-F9DC-424E-BAFD-82EB6F774F85}"
EndProject
Project("{FAE04EC0-301F-11D3-BF4B-00C04F79EFBC}") = "Penguin.Reflection.Serialization.Abstractions.Local", "..\Penguin.Reflection.Serialization.Abstractions\Penguin.Reflection.Serialization.Abstractions.Local.csproj", "{93F137B0-70CE-411E-B45C-1A8DC25384D0}"
EndProject
Project("{FAE04EC0-301F-11D3-BF4B-00C04F79EFBC}") = "Penguin.Reflection.Serialization.Extensions.Local", "..\Penguin.Reflection.Serialization.Extensions\Penguin.Reflection.Serialization.Extensions.Local.csproj", "{0D6C2560-A955-47E7-9DE8-CB2294EF0C57}"
EndProject
Project("{FAE04EC0-301F-11D3-BF4B-00C04F79EFBC}") = "Penguin.Templating.Abstractions.Local", "..\Penguin.Templating.Abstractions\Penguin.Templating.Abstractions.Local.csproj", "{A6E2815D-7EE3-48F3-93C1-97B85357A8EF}"
EndProject
Project("{FAE04EC0-301F-11D3-BF4B-00C04F79EFBC}") = "Penguin.Testing.Local", "..\Penguin.Testing\Penguin.Testing.Local.csproj", "{F7D741DD-AF2C-4FB3-8A8A-025A0F3F90CF}"
EndProject
Project("{FAE04EC0-301F-11D3-BF4B-00C04F79EFBC}") = "Penguin.Web.Abstractions.Local", "..\Penguin.Web.Abstractions\Penguin.Web.Abstractions.Local.csproj", "{90442B80-3907-4862-B21D-DD732BDC33E5}"
EndProject
Project("{FAE04EC0-301F-11D3-BF4B-00C04F79EFBC}") = "Penguin.Web.DependencyInjection.Local", "..\Penguin.Web.DependencyInjection\Penguin.Web.DependencyInjection.Local.csproj", "{BD53EF22-C2C0-41D2-A20F-6F95A9F53873}"
EndProject
Project("{FAE04EC0-301F-11D3-BF4B-00C04F79EFBC}") = "Penguin.Web.Testing.Local", "..\Penguin.Web.Testing\Penguin.Web.Testing.Local.csproj", "{579A7F74-3782-4134-9AD2-45165E6E7BCD}"
EndProject
Project("{FAE04EC0-301F-11D3-BF4B-00C04F79EFBC}") = "Penguin.Web.Errors.Local", "..\Penguin.Web.Errors\Penguin.Web.Errors.Local.csproj", "{9FD3B2D6-0079-47F7-A63B-1D039F143E3C}"
EndProject
Project("{FAE04EC0-301F-11D3-BF4B-00C04F79EFBC}") = "Penguin.Web.Mvc.Local", "..\Penguin.Web.Mvc\Penguin.Web.Mvc.Local.csproj", "{B780EA96-DB9A-49AD-AECF-A78892E948C8}"
EndProject
Project("{FAE04EC0-301F-11D3-BF4B-00C04F79EFBC}") = "Penguin.Web.Mvc.Abstractions.Local", "..\Penguin.Web.Mvc.Abstractions\Penguin.Web.Mvc.Abstractions.Local.csproj", "{8EBEF7D7-88D2-44AE-8FA8-9E0644B00659}"
EndProject
Project("{FAE04EC0-301F-11D3-BF4B-00C04F79EFBC}") = "Penguin.Navigation.Abstractions.Local", "..\Penguin.Navigation.Abstractions\Penguin.Navigation.Abstractions.Local.csproj", "{699F008C-525D-4A98-B5A1-D02204B97DD1}"
EndProject
Project("{FAE04EC0-301F-11D3-BF4B-00C04F79EFBC}") = "Penguin.Web.Security.Local", "..\Penguin.Web.Security\Penguin.Web.Security.Local.csproj", "{FD234D9C-8CFD-4A95-AFA9-01E4DEA25942}"
EndProject
Global
	GlobalSection(SolutionConfigurationPlatforms) = preSolution
		Debug|Any CPU = Debug|Any CPU
		Debug|x64 = Debug|x64
		Debug|x86 = Debug|x86
		Release|Any CPU = Release|Any CPU
		Release|x64 = Release|x64
		Release|x86 = Release|x86
	EndGlobalSection
	GlobalSection(SolutionProperties) = preSolution
		HideSolutionNode = FALSE
	EndGlobalSection
	GlobalSection(ProjectConfigurationPlatforms) = postSolution
		{BC2F40B5-35AF-42BB-9B45-A1DF5816ECE4}.Debug|Any CPU.ActiveCfg = Debug|Any CPU
		{BC2F40B5-35AF-42BB-9B45-A1DF5816ECE4}.Debug|Any CPU.Build.0 = Debug|Any CPU
		{BC2F40B5-35AF-42BB-9B45-A1DF5816ECE4}.Debug|x64.ActiveCfg = Debug|Any CPU
		{BC2F40B5-35AF-42BB-9B45-A1DF5816ECE4}.Debug|x64.Build.0 = Debug|Any CPU
		{BC2F40B5-35AF-42BB-9B45-A1DF5816ECE4}.Debug|x86.ActiveCfg = Debug|Any CPU
		{BC2F40B5-35AF-42BB-9B45-A1DF5816ECE4}.Debug|x86.Build.0 = Debug|Any CPU
		{BC2F40B5-35AF-42BB-9B45-A1DF5816ECE4}.Release|Any CPU.ActiveCfg = Release|Any CPU
		{BC2F40B5-35AF-42BB-9B45-A1DF5816ECE4}.Release|Any CPU.Build.0 = Release|Any CPU
		{BC2F40B5-35AF-42BB-9B45-A1DF5816ECE4}.Release|x64.ActiveCfg = Release|Any CPU
		{BC2F40B5-35AF-42BB-9B45-A1DF5816ECE4}.Release|x64.Build.0 = Release|Any CPU
		{BC2F40B5-35AF-42BB-9B45-A1DF5816ECE4}.Release|x86.ActiveCfg = Release|Any CPU
		{BC2F40B5-35AF-42BB-9B45-A1DF5816ECE4}.Release|x86.Build.0 = Release|Any CPU
		{2F78A3F7-946F-4726-881E-A41155B5C071}.Debug|Any CPU.ActiveCfg = Debug|Any CPU
		{2F78A3F7-946F-4726-881E-A41155B5C071}.Debug|Any CPU.Build.0 = Debug|Any CPU
		{2F78A3F7-946F-4726-881E-A41155B5C071}.Debug|x64.ActiveCfg = Debug|Any CPU
		{2F78A3F7-946F-4726-881E-A41155B5C071}.Debug|x64.Build.0 = Debug|Any CPU
		{2F78A3F7-946F-4726-881E-A41155B5C071}.Debug|x86.ActiveCfg = Debug|Any CPU
		{2F78A3F7-946F-4726-881E-A41155B5C071}.Debug|x86.Build.0 = Debug|Any CPU
		{2F78A3F7-946F-4726-881E-A41155B5C071}.Release|Any CPU.ActiveCfg = Release|Any CPU
		{2F78A3F7-946F-4726-881E-A41155B5C071}.Release|Any CPU.Build.0 = Release|Any CPU
		{2F78A3F7-946F-4726-881E-A41155B5C071}.Release|x64.ActiveCfg = Release|Any CPU
		{2F78A3F7-946F-4726-881E-A41155B5C071}.Release|x64.Build.0 = Release|Any CPU
		{2F78A3F7-946F-4726-881E-A41155B5C071}.Release|x86.ActiveCfg = Release|Any CPU
		{2F78A3F7-946F-4726-881E-A41155B5C071}.Release|x86.Build.0 = Release|Any CPU
		{1239A23F-DCA7-4E2C-ACB8-B7E691BA0D0B}.Debug|Any CPU.ActiveCfg = Debug|Any CPU
		{1239A23F-DCA7-4E2C-ACB8-B7E691BA0D0B}.Debug|Any CPU.Build.0 = Debug|Any CPU
		{1239A23F-DCA7-4E2C-ACB8-B7E691BA0D0B}.Debug|x64.ActiveCfg = Debug|Any CPU
		{1239A23F-DCA7-4E2C-ACB8-B7E691BA0D0B}.Debug|x64.Build.0 = Debug|Any CPU
		{1239A23F-DCA7-4E2C-ACB8-B7E691BA0D0B}.Debug|x86.ActiveCfg = Debug|Any CPU
		{1239A23F-DCA7-4E2C-ACB8-B7E691BA0D0B}.Debug|x86.Build.0 = Debug|Any CPU
		{1239A23F-DCA7-4E2C-ACB8-B7E691BA0D0B}.Release|Any CPU.ActiveCfg = Release|Any CPU
		{1239A23F-DCA7-4E2C-ACB8-B7E691BA0D0B}.Release|Any CPU.Build.0 = Release|Any CPU
		{1239A23F-DCA7-4E2C-ACB8-B7E691BA0D0B}.Release|x64.ActiveCfg = Release|Any CPU
		{1239A23F-DCA7-4E2C-ACB8-B7E691BA0D0B}.Release|x64.Build.0 = Release|Any CPU
		{1239A23F-DCA7-4E2C-ACB8-B7E691BA0D0B}.Release|x86.ActiveCfg = Release|Any CPU
		{1239A23F-DCA7-4E2C-ACB8-B7E691BA0D0B}.Release|x86.Build.0 = Release|Any CPU
		{3446B3C7-770B-41F3-8674-4B99393E098C}.Debug|Any CPU.ActiveCfg = Debug|Any CPU
		{3446B3C7-770B-41F3-8674-4B99393E098C}.Debug|Any CPU.Build.0 = Debug|Any CPU
		{3446B3C7-770B-41F3-8674-4B99393E098C}.Debug|x64.ActiveCfg = Debug|Any CPU
		{3446B3C7-770B-41F3-8674-4B99393E098C}.Debug|x64.Build.0 = Debug|Any CPU
		{3446B3C7-770B-41F3-8674-4B99393E098C}.Debug|x86.ActiveCfg = Debug|Any CPU
		{3446B3C7-770B-41F3-8674-4B99393E098C}.Debug|x86.Build.0 = Debug|Any CPU
		{3446B3C7-770B-41F3-8674-4B99393E098C}.Release|Any CPU.ActiveCfg = Release|Any CPU
		{3446B3C7-770B-41F3-8674-4B99393E098C}.Release|Any CPU.Build.0 = Release|Any CPU
		{3446B3C7-770B-41F3-8674-4B99393E098C}.Release|x64.ActiveCfg = Release|Any CPU
		{3446B3C7-770B-41F3-8674-4B99393E098C}.Release|x64.Build.0 = Release|Any CPU
		{3446B3C7-770B-41F3-8674-4B99393E098C}.Release|x86.ActiveCfg = Release|Any CPU
		{3446B3C7-770B-41F3-8674-4B99393E098C}.Release|x86.Build.0 = Release|Any CPU
		{5C747F4F-C5B8-4400-BD72-28C5D5AD95BE}.Debug|Any CPU.ActiveCfg = Debug|Any CPU
		{5C747F4F-C5B8-4400-BD72-28C5D5AD95BE}.Debug|Any CPU.Build.0 = Debug|Any CPU
		{5C747F4F-C5B8-4400-BD72-28C5D5AD95BE}.Debug|x64.ActiveCfg = Debug|Any CPU
		{5C747F4F-C5B8-4400-BD72-28C5D5AD95BE}.Debug|x64.Build.0 = Debug|Any CPU
		{5C747F4F-C5B8-4400-BD72-28C5D5AD95BE}.Debug|x86.ActiveCfg = Debug|Any CPU
		{5C747F4F-C5B8-4400-BD72-28C5D5AD95BE}.Debug|x86.Build.0 = Debug|Any CPU
		{5C747F4F-C5B8-4400-BD72-28C5D5AD95BE}.Release|Any CPU.ActiveCfg = Release|Any CPU
		{5C747F4F-C5B8-4400-BD72-28C5D5AD95BE}.Release|Any CPU.Build.0 = Release|Any CPU
		{5C747F4F-C5B8-4400-BD72-28C5D5AD95BE}.Release|x64.ActiveCfg = Release|Any CPU
		{5C747F4F-C5B8-4400-BD72-28C5D5AD95BE}.Release|x64.Build.0 = Release|Any CPU
		{5C747F4F-C5B8-4400-BD72-28C5D5AD95BE}.Release|x86.ActiveCfg = Release|Any CPU
		{5C747F4F-C5B8-4400-BD72-28C5D5AD95BE}.Release|x86.Build.0 = Release|Any CPU
		{0F85F73B-D70C-4B42-AE7E-AAE99EC5004D}.Debug|Any CPU.ActiveCfg = Debug|Any CPU
		{0F85F73B-D70C-4B42-AE7E-AAE99EC5004D}.Debug|Any CPU.Build.0 = Debug|Any CPU
		{0F85F73B-D70C-4B42-AE7E-AAE99EC5004D}.Debug|x64.ActiveCfg = Debug|Any CPU
		{0F85F73B-D70C-4B42-AE7E-AAE99EC5004D}.Debug|x64.Build.0 = Debug|Any CPU
		{0F85F73B-D70C-4B42-AE7E-AAE99EC5004D}.Debug|x86.ActiveCfg = Debug|Any CPU
		{0F85F73B-D70C-4B42-AE7E-AAE99EC5004D}.Debug|x86.Build.0 = Debug|Any CPU
		{0F85F73B-D70C-4B42-AE7E-AAE99EC5004D}.Release|Any CPU.ActiveCfg = Release|Any CPU
		{0F85F73B-D70C-4B42-AE7E-AAE99EC5004D}.Release|Any CPU.Build.0 = Release|Any CPU
		{0F85F73B-D70C-4B42-AE7E-AAE99EC5004D}.Release|x64.ActiveCfg = Release|Any CPU
		{0F85F73B-D70C-4B42-AE7E-AAE99EC5004D}.Release|x64.Build.0 = Release|Any CPU
		{0F85F73B-D70C-4B42-AE7E-AAE99EC5004D}.Release|x86.ActiveCfg = Release|Any CPU
		{0F85F73B-D70C-4B42-AE7E-AAE99EC5004D}.Release|x86.Build.0 = Release|Any CPU
		{D70C445E-35B5-4D2C-B7AB-0CADC5C40715}.Debug|Any CPU.ActiveCfg = Debug|Any CPU
		{D70C445E-35B5-4D2C-B7AB-0CADC5C40715}.Debug|Any CPU.Build.0 = Debug|Any CPU
		{D70C445E-35B5-4D2C-B7AB-0CADC5C40715}.Debug|x64.ActiveCfg = Debug|Any CPU
		{D70C445E-35B5-4D2C-B7AB-0CADC5C40715}.Debug|x64.Build.0 = Debug|Any CPU
		{D70C445E-35B5-4D2C-B7AB-0CADC5C40715}.Debug|x86.ActiveCfg = Debug|Any CPU
		{D70C445E-35B5-4D2C-B7AB-0CADC5C40715}.Debug|x86.Build.0 = Debug|Any CPU
		{D70C445E-35B5-4D2C-B7AB-0CADC5C40715}.Release|Any CPU.ActiveCfg = Release|Any CPU
		{D70C445E-35B5-4D2C-B7AB-0CADC5C40715}.Release|Any CPU.Build.0 = Release|Any CPU
		{D70C445E-35B5-4D2C-B7AB-0CADC5C40715}.Release|x64.ActiveCfg = Release|Any CPU
		{D70C445E-35B5-4D2C-B7AB-0CADC5C40715}.Release|x64.Build.0 = Release|Any CPU
		{D70C445E-35B5-4D2C-B7AB-0CADC5C40715}.Release|x86.ActiveCfg = Release|Any CPU
		{D70C445E-35B5-4D2C-B7AB-0CADC5C40715}.Release|x86.Build.0 = Release|Any CPU
		{0D9F9745-3913-4E78-9274-D163E3E1487F}.Debug|Any CPU.ActiveCfg = Debug|Any CPU
		{0D9F9745-3913-4E78-9274-D163E3E1487F}.Debug|Any CPU.Build.0 = Debug|Any CPU
		{0D9F9745-3913-4E78-9274-D163E3E1487F}.Debug|x64.ActiveCfg = Debug|Any CPU
		{0D9F9745-3913-4E78-9274-D163E3E1487F}.Debug|x64.Build.0 = Debug|Any CPU
		{0D9F9745-3913-4E78-9274-D163E3E1487F}.Debug|x86.ActiveCfg = Debug|Any CPU
		{0D9F9745-3913-4E78-9274-D163E3E1487F}.Debug|x86.Build.0 = Debug|Any CPU
		{0D9F9745-3913-4E78-9274-D163E3E1487F}.Release|Any CPU.ActiveCfg = Release|Any CPU
		{0D9F9745-3913-4E78-9274-D163E3E1487F}.Release|Any CPU.Build.0 = Release|Any CPU
		{0D9F9745-3913-4E78-9274-D163E3E1487F}.Release|x64.ActiveCfg = Release|Any CPU
		{0D9F9745-3913-4E78-9274-D163E3E1487F}.Release|x64.Build.0 = Release|Any CPU
		{0D9F9745-3913-4E78-9274-D163E3E1487F}.Release|x86.ActiveCfg = Release|Any CPU
		{0D9F9745-3913-4E78-9274-D163E3E1487F}.Release|x86.Build.0 = Release|Any CPU
		{D699D89E-1B4A-4ED0-B4D5-1D0E339A90F0}.Debug|Any CPU.ActiveCfg = Debug|Any CPU
		{D699D89E-1B4A-4ED0-B4D5-1D0E339A90F0}.Debug|Any CPU.Build.0 = Debug|Any CPU
		{D699D89E-1B4A-4ED0-B4D5-1D0E339A90F0}.Debug|x64.ActiveCfg = Debug|Any CPU
		{D699D89E-1B4A-4ED0-B4D5-1D0E339A90F0}.Debug|x64.Build.0 = Debug|Any CPU
		{D699D89E-1B4A-4ED0-B4D5-1D0E339A90F0}.Debug|x86.ActiveCfg = Debug|Any CPU
		{D699D89E-1B4A-4ED0-B4D5-1D0E339A90F0}.Debug|x86.Build.0 = Debug|Any CPU
		{D699D89E-1B4A-4ED0-B4D5-1D0E339A90F0}.Release|Any CPU.ActiveCfg = Release|Any CPU
		{D699D89E-1B4A-4ED0-B4D5-1D0E339A90F0}.Release|Any CPU.Build.0 = Release|Any CPU
		{D699D89E-1B4A-4ED0-B4D5-1D0E339A90F0}.Release|x64.ActiveCfg = Release|Any CPU
		{D699D89E-1B4A-4ED0-B4D5-1D0E339A90F0}.Release|x64.Build.0 = Release|Any CPU
		{D699D89E-1B4A-4ED0-B4D5-1D0E339A90F0}.Release|x86.ActiveCfg = Release|Any CPU
		{D699D89E-1B4A-4ED0-B4D5-1D0E339A90F0}.Release|x86.Build.0 = Release|Any CPU
		{BCF10BF5-EE64-4B16-9BCA-B019DE00145E}.Debug|Any CPU.ActiveCfg = Debug|Any CPU
		{BCF10BF5-EE64-4B16-9BCA-B019DE00145E}.Debug|Any CPU.Build.0 = Debug|Any CPU
		{BCF10BF5-EE64-4B16-9BCA-B019DE00145E}.Debug|x64.ActiveCfg = Debug|Any CPU
		{BCF10BF5-EE64-4B16-9BCA-B019DE00145E}.Debug|x64.Build.0 = Debug|Any CPU
		{BCF10BF5-EE64-4B16-9BCA-B019DE00145E}.Debug|x86.ActiveCfg = Debug|Any CPU
		{BCF10BF5-EE64-4B16-9BCA-B019DE00145E}.Debug|x86.Build.0 = Debug|Any CPU
		{BCF10BF5-EE64-4B16-9BCA-B019DE00145E}.Release|Any CPU.ActiveCfg = Release|Any CPU
		{BCF10BF5-EE64-4B16-9BCA-B019DE00145E}.Release|Any CPU.Build.0 = Release|Any CPU
		{BCF10BF5-EE64-4B16-9BCA-B019DE00145E}.Release|x64.ActiveCfg = Release|Any CPU
		{BCF10BF5-EE64-4B16-9BCA-B019DE00145E}.Release|x64.Build.0 = Release|Any CPU
		{BCF10BF5-EE64-4B16-9BCA-B019DE00145E}.Release|x86.ActiveCfg = Release|Any CPU
		{BCF10BF5-EE64-4B16-9BCA-B019DE00145E}.Release|x86.Build.0 = Release|Any CPU
		{9B979370-E531-4DED-8055-32437FC00E60}.Debug|Any CPU.ActiveCfg = Debug|Any CPU
		{9B979370-E531-4DED-8055-32437FC00E60}.Debug|Any CPU.Build.0 = Debug|Any CPU
		{9B979370-E531-4DED-8055-32437FC00E60}.Debug|x64.ActiveCfg = Debug|Any CPU
		{9B979370-E531-4DED-8055-32437FC00E60}.Debug|x64.Build.0 = Debug|Any CPU
		{9B979370-E531-4DED-8055-32437FC00E60}.Debug|x86.ActiveCfg = Debug|Any CPU
		{9B979370-E531-4DED-8055-32437FC00E60}.Debug|x86.Build.0 = Debug|Any CPU
		{9B979370-E531-4DED-8055-32437FC00E60}.Release|Any CPU.ActiveCfg = Release|Any CPU
		{9B979370-E531-4DED-8055-32437FC00E60}.Release|Any CPU.Build.0 = Release|Any CPU
		{9B979370-E531-4DED-8055-32437FC00E60}.Release|x64.ActiveCfg = Release|Any CPU
		{9B979370-E531-4DED-8055-32437FC00E60}.Release|x64.Build.0 = Release|Any CPU
		{9B979370-E531-4DED-8055-32437FC00E60}.Release|x86.ActiveCfg = Release|Any CPU
		{9B979370-E531-4DED-8055-32437FC00E60}.Release|x86.Build.0 = Release|Any CPU
		{AE966FC6-863B-4388-BA83-8154EF14C4A0}.Debug|Any CPU.ActiveCfg = Debug|Any CPU
		{AE966FC6-863B-4388-BA83-8154EF14C4A0}.Debug|Any CPU.Build.0 = Debug|Any CPU
		{AE966FC6-863B-4388-BA83-8154EF14C4A0}.Debug|x64.ActiveCfg = Debug|Any CPU
		{AE966FC6-863B-4388-BA83-8154EF14C4A0}.Debug|x64.Build.0 = Debug|Any CPU
		{AE966FC6-863B-4388-BA83-8154EF14C4A0}.Debug|x86.ActiveCfg = Debug|Any CPU
		{AE966FC6-863B-4388-BA83-8154EF14C4A0}.Debug|x86.Build.0 = Debug|Any CPU
		{AE966FC6-863B-4388-BA83-8154EF14C4A0}.Release|Any CPU.ActiveCfg = Release|Any CPU
		{AE966FC6-863B-4388-BA83-8154EF14C4A0}.Release|Any CPU.Build.0 = Release|Any CPU
		{AE966FC6-863B-4388-BA83-8154EF14C4A0}.Release|x64.ActiveCfg = Release|Any CPU
		{AE966FC6-863B-4388-BA83-8154EF14C4A0}.Release|x64.Build.0 = Release|Any CPU
		{AE966FC6-863B-4388-BA83-8154EF14C4A0}.Release|x86.ActiveCfg = Release|Any CPU
		{AE966FC6-863B-4388-BA83-8154EF14C4A0}.Release|x86.Build.0 = Release|Any CPU
		{50336E26-1B81-4EB7-B780-AB654360935C}.Debug|Any CPU.ActiveCfg = Debug|Any CPU
		{50336E26-1B81-4EB7-B780-AB654360935C}.Debug|Any CPU.Build.0 = Debug|Any CPU
		{50336E26-1B81-4EB7-B780-AB654360935C}.Debug|x64.ActiveCfg = Debug|Any CPU
		{50336E26-1B81-4EB7-B780-AB654360935C}.Debug|x64.Build.0 = Debug|Any CPU
		{50336E26-1B81-4EB7-B780-AB654360935C}.Debug|x86.ActiveCfg = Debug|Any CPU
		{50336E26-1B81-4EB7-B780-AB654360935C}.Debug|x86.Build.0 = Debug|Any CPU
		{50336E26-1B81-4EB7-B780-AB654360935C}.Release|Any CPU.ActiveCfg = Release|Any CPU
		{50336E26-1B81-4EB7-B780-AB654360935C}.Release|Any CPU.Build.0 = Release|Any CPU
		{50336E26-1B81-4EB7-B780-AB654360935C}.Release|x64.ActiveCfg = Release|Any CPU
		{50336E26-1B81-4EB7-B780-AB654360935C}.Release|x64.Build.0 = Release|Any CPU
		{50336E26-1B81-4EB7-B780-AB654360935C}.Release|x86.ActiveCfg = Release|Any CPU
		{50336E26-1B81-4EB7-B780-AB654360935C}.Release|x86.Build.0 = Release|Any CPU
		{4600D454-B5BA-457F-B5AE-DC562BE94B54}.Debug|Any CPU.ActiveCfg = Debug|Any CPU
		{4600D454-B5BA-457F-B5AE-DC562BE94B54}.Debug|Any CPU.Build.0 = Debug|Any CPU
		{4600D454-B5BA-457F-B5AE-DC562BE94B54}.Debug|x64.ActiveCfg = Debug|Any CPU
		{4600D454-B5BA-457F-B5AE-DC562BE94B54}.Debug|x64.Build.0 = Debug|Any CPU
		{4600D454-B5BA-457F-B5AE-DC562BE94B54}.Debug|x86.ActiveCfg = Debug|Any CPU
		{4600D454-B5BA-457F-B5AE-DC562BE94B54}.Debug|x86.Build.0 = Debug|Any CPU
		{4600D454-B5BA-457F-B5AE-DC562BE94B54}.Release|Any CPU.ActiveCfg = Release|Any CPU
		{4600D454-B5BA-457F-B5AE-DC562BE94B54}.Release|Any CPU.Build.0 = Release|Any CPU
		{4600D454-B5BA-457F-B5AE-DC562BE94B54}.Release|x64.ActiveCfg = Release|Any CPU
		{4600D454-B5BA-457F-B5AE-DC562BE94B54}.Release|x64.Build.0 = Release|Any CPU
		{4600D454-B5BA-457F-B5AE-DC562BE94B54}.Release|x86.ActiveCfg = Release|Any CPU
		{4600D454-B5BA-457F-B5AE-DC562BE94B54}.Release|x86.Build.0 = Release|Any CPU
		{F63022C9-D673-4389-9691-CED75A16215A}.Debug|Any CPU.ActiveCfg = Debug|Any CPU
		{F63022C9-D673-4389-9691-CED75A16215A}.Debug|Any CPU.Build.0 = Debug|Any CPU
		{F63022C9-D673-4389-9691-CED75A16215A}.Debug|x64.ActiveCfg = Debug|Any CPU
		{F63022C9-D673-4389-9691-CED75A16215A}.Debug|x64.Build.0 = Debug|Any CPU
		{F63022C9-D673-4389-9691-CED75A16215A}.Debug|x86.ActiveCfg = Debug|Any CPU
		{F63022C9-D673-4389-9691-CED75A16215A}.Debug|x86.Build.0 = Debug|Any CPU
		{F63022C9-D673-4389-9691-CED75A16215A}.Release|Any CPU.ActiveCfg = Release|Any CPU
		{F63022C9-D673-4389-9691-CED75A16215A}.Release|Any CPU.Build.0 = Release|Any CPU
		{F63022C9-D673-4389-9691-CED75A16215A}.Release|x64.ActiveCfg = Release|Any CPU
		{F63022C9-D673-4389-9691-CED75A16215A}.Release|x64.Build.0 = Release|Any CPU
		{F63022C9-D673-4389-9691-CED75A16215A}.Release|x86.ActiveCfg = Release|Any CPU
		{F63022C9-D673-4389-9691-CED75A16215A}.Release|x86.Build.0 = Release|Any CPU
		{12A91678-6FF8-4A9F-BE32-5E221F9EC0D9}.Debug|Any CPU.ActiveCfg = Debug|Any CPU
		{12A91678-6FF8-4A9F-BE32-5E221F9EC0D9}.Debug|Any CPU.Build.0 = Debug|Any CPU
		{12A91678-6FF8-4A9F-BE32-5E221F9EC0D9}.Debug|x64.ActiveCfg = Debug|Any CPU
		{12A91678-6FF8-4A9F-BE32-5E221F9EC0D9}.Debug|x64.Build.0 = Debug|Any CPU
		{12A91678-6FF8-4A9F-BE32-5E221F9EC0D9}.Debug|x86.ActiveCfg = Debug|Any CPU
		{12A91678-6FF8-4A9F-BE32-5E221F9EC0D9}.Debug|x86.Build.0 = Debug|Any CPU
		{12A91678-6FF8-4A9F-BE32-5E221F9EC0D9}.Release|Any CPU.ActiveCfg = Release|Any CPU
		{12A91678-6FF8-4A9F-BE32-5E221F9EC0D9}.Release|Any CPU.Build.0 = Release|Any CPU
		{12A91678-6FF8-4A9F-BE32-5E221F9EC0D9}.Release|x64.ActiveCfg = Release|Any CPU
		{12A91678-6FF8-4A9F-BE32-5E221F9EC0D9}.Release|x64.Build.0 = Release|Any CPU
		{12A91678-6FF8-4A9F-BE32-5E221F9EC0D9}.Release|x86.ActiveCfg = Release|Any CPU
		{12A91678-6FF8-4A9F-BE32-5E221F9EC0D9}.Release|x86.Build.0 = Release|Any CPU
		{95DF7A93-011C-41B4-9B81-83B0070931F4}.Debug|Any CPU.ActiveCfg = Debug|Any CPU
		{95DF7A93-011C-41B4-9B81-83B0070931F4}.Debug|Any CPU.Build.0 = Debug|Any CPU
		{95DF7A93-011C-41B4-9B81-83B0070931F4}.Debug|x64.ActiveCfg = Debug|Any CPU
		{95DF7A93-011C-41B4-9B81-83B0070931F4}.Debug|x64.Build.0 = Debug|Any CPU
		{95DF7A93-011C-41B4-9B81-83B0070931F4}.Debug|x86.ActiveCfg = Debug|Any CPU
		{95DF7A93-011C-41B4-9B81-83B0070931F4}.Debug|x86.Build.0 = Debug|Any CPU
		{95DF7A93-011C-41B4-9B81-83B0070931F4}.Release|Any CPU.ActiveCfg = Release|Any CPU
		{95DF7A93-011C-41B4-9B81-83B0070931F4}.Release|Any CPU.Build.0 = Release|Any CPU
		{95DF7A93-011C-41B4-9B81-83B0070931F4}.Release|x64.ActiveCfg = Release|Any CPU
		{95DF7A93-011C-41B4-9B81-83B0070931F4}.Release|x64.Build.0 = Release|Any CPU
		{95DF7A93-011C-41B4-9B81-83B0070931F4}.Release|x86.ActiveCfg = Release|Any CPU
		{95DF7A93-011C-41B4-9B81-83B0070931F4}.Release|x86.Build.0 = Release|Any CPU
		{AF7DC659-6645-43AC-80CC-46DEDBF240A1}.Debug|Any CPU.ActiveCfg = Debug|Any CPU
		{AF7DC659-6645-43AC-80CC-46DEDBF240A1}.Debug|Any CPU.Build.0 = Debug|Any CPU
		{AF7DC659-6645-43AC-80CC-46DEDBF240A1}.Debug|x64.ActiveCfg = Debug|Any CPU
		{AF7DC659-6645-43AC-80CC-46DEDBF240A1}.Debug|x64.Build.0 = Debug|Any CPU
		{AF7DC659-6645-43AC-80CC-46DEDBF240A1}.Debug|x86.ActiveCfg = Debug|Any CPU
		{AF7DC659-6645-43AC-80CC-46DEDBF240A1}.Debug|x86.Build.0 = Debug|Any CPU
		{AF7DC659-6645-43AC-80CC-46DEDBF240A1}.Release|Any CPU.ActiveCfg = Release|Any CPU
		{AF7DC659-6645-43AC-80CC-46DEDBF240A1}.Release|Any CPU.Build.0 = Release|Any CPU
		{AF7DC659-6645-43AC-80CC-46DEDBF240A1}.Release|x64.ActiveCfg = Release|Any CPU
		{AF7DC659-6645-43AC-80CC-46DEDBF240A1}.Release|x64.Build.0 = Release|Any CPU
		{AF7DC659-6645-43AC-80CC-46DEDBF240A1}.Release|x86.ActiveCfg = Release|Any CPU
		{AF7DC659-6645-43AC-80CC-46DEDBF240A1}.Release|x86.Build.0 = Release|Any CPU
		{611CCFEA-E858-47A1-94F8-F0BE2F83EC12}.Debug|Any CPU.ActiveCfg = Debug|Any CPU
		{611CCFEA-E858-47A1-94F8-F0BE2F83EC12}.Debug|Any CPU.Build.0 = Debug|Any CPU
		{611CCFEA-E858-47A1-94F8-F0BE2F83EC12}.Debug|x64.ActiveCfg = Debug|Any CPU
		{611CCFEA-E858-47A1-94F8-F0BE2F83EC12}.Debug|x64.Build.0 = Debug|Any CPU
		{611CCFEA-E858-47A1-94F8-F0BE2F83EC12}.Debug|x86.ActiveCfg = Debug|Any CPU
		{611CCFEA-E858-47A1-94F8-F0BE2F83EC12}.Debug|x86.Build.0 = Debug|Any CPU
		{611CCFEA-E858-47A1-94F8-F0BE2F83EC12}.Release|Any CPU.ActiveCfg = Release|Any CPU
		{611CCFEA-E858-47A1-94F8-F0BE2F83EC12}.Release|Any CPU.Build.0 = Release|Any CPU
		{611CCFEA-E858-47A1-94F8-F0BE2F83EC12}.Release|x64.ActiveCfg = Release|Any CPU
		{611CCFEA-E858-47A1-94F8-F0BE2F83EC12}.Release|x64.Build.0 = Release|Any CPU
		{611CCFEA-E858-47A1-94F8-F0BE2F83EC12}.Release|x86.ActiveCfg = Release|Any CPU
		{611CCFEA-E858-47A1-94F8-F0BE2F83EC12}.Release|x86.Build.0 = Release|Any CPU
		{0E215AC5-DF01-4716-A614-281AB97806D5}.Debug|Any CPU.ActiveCfg = Debug|Any CPU
		{0E215AC5-DF01-4716-A614-281AB97806D5}.Debug|Any CPU.Build.0 = Debug|Any CPU
		{0E215AC5-DF01-4716-A614-281AB97806D5}.Debug|x64.ActiveCfg = Debug|Any CPU
		{0E215AC5-DF01-4716-A614-281AB97806D5}.Debug|x64.Build.0 = Debug|Any CPU
		{0E215AC5-DF01-4716-A614-281AB97806D5}.Debug|x86.ActiveCfg = Debug|Any CPU
		{0E215AC5-DF01-4716-A614-281AB97806D5}.Debug|x86.Build.0 = Debug|Any CPU
		{0E215AC5-DF01-4716-A614-281AB97806D5}.Release|Any CPU.ActiveCfg = Release|Any CPU
		{0E215AC5-DF01-4716-A614-281AB97806D5}.Release|Any CPU.Build.0 = Release|Any CPU
		{0E215AC5-DF01-4716-A614-281AB97806D5}.Release|x64.ActiveCfg = Release|Any CPU
		{0E215AC5-DF01-4716-A614-281AB97806D5}.Release|x64.Build.0 = Release|Any CPU
		{0E215AC5-DF01-4716-A614-281AB97806D5}.Release|x86.ActiveCfg = Release|Any CPU
		{0E215AC5-DF01-4716-A614-281AB97806D5}.Release|x86.Build.0 = Release|Any CPU
		{968D3DFF-DBC4-45D6-A5ED-26254DF2856D}.Debug|Any CPU.ActiveCfg = Debug|Any CPU
		{968D3DFF-DBC4-45D6-A5ED-26254DF2856D}.Debug|Any CPU.Build.0 = Debug|Any CPU
		{968D3DFF-DBC4-45D6-A5ED-26254DF2856D}.Debug|x64.ActiveCfg = Debug|Any CPU
		{968D3DFF-DBC4-45D6-A5ED-26254DF2856D}.Debug|x64.Build.0 = Debug|Any CPU
		{968D3DFF-DBC4-45D6-A5ED-26254DF2856D}.Debug|x86.ActiveCfg = Debug|Any CPU
		{968D3DFF-DBC4-45D6-A5ED-26254DF2856D}.Debug|x86.Build.0 = Debug|Any CPU
		{968D3DFF-DBC4-45D6-A5ED-26254DF2856D}.Release|Any CPU.ActiveCfg = Release|Any CPU
		{968D3DFF-DBC4-45D6-A5ED-26254DF2856D}.Release|Any CPU.Build.0 = Release|Any CPU
		{968D3DFF-DBC4-45D6-A5ED-26254DF2856D}.Release|x64.ActiveCfg = Release|Any CPU
		{968D3DFF-DBC4-45D6-A5ED-26254DF2856D}.Release|x64.Build.0 = Release|Any CPU
		{968D3DFF-DBC4-45D6-A5ED-26254DF2856D}.Release|x86.ActiveCfg = Release|Any CPU
		{968D3DFF-DBC4-45D6-A5ED-26254DF2856D}.Release|x86.Build.0 = Release|Any CPU
		{0D8B4A1D-36E6-4742-82DD-8012ED2BAF8B}.Debug|Any CPU.ActiveCfg = Debug|Any CPU
		{0D8B4A1D-36E6-4742-82DD-8012ED2BAF8B}.Debug|Any CPU.Build.0 = Debug|Any CPU
		{0D8B4A1D-36E6-4742-82DD-8012ED2BAF8B}.Debug|x64.ActiveCfg = Debug|Any CPU
		{0D8B4A1D-36E6-4742-82DD-8012ED2BAF8B}.Debug|x64.Build.0 = Debug|Any CPU
		{0D8B4A1D-36E6-4742-82DD-8012ED2BAF8B}.Debug|x86.ActiveCfg = Debug|Any CPU
		{0D8B4A1D-36E6-4742-82DD-8012ED2BAF8B}.Debug|x86.Build.0 = Debug|Any CPU
		{0D8B4A1D-36E6-4742-82DD-8012ED2BAF8B}.Release|Any CPU.ActiveCfg = Release|Any CPU
		{0D8B4A1D-36E6-4742-82DD-8012ED2BAF8B}.Release|Any CPU.Build.0 = Release|Any CPU
		{0D8B4A1D-36E6-4742-82DD-8012ED2BAF8B}.Release|x64.ActiveCfg = Release|Any CPU
		{0D8B4A1D-36E6-4742-82DD-8012ED2BAF8B}.Release|x64.Build.0 = Release|Any CPU
		{0D8B4A1D-36E6-4742-82DD-8012ED2BAF8B}.Release|x86.ActiveCfg = Release|Any CPU
		{0D8B4A1D-36E6-4742-82DD-8012ED2BAF8B}.Release|x86.Build.0 = Release|Any CPU
		{4CD98087-039E-48B1-A38A-9C1C76FFD228}.Debug|Any CPU.ActiveCfg = Debug|Any CPU
		{4CD98087-039E-48B1-A38A-9C1C76FFD228}.Debug|Any CPU.Build.0 = Debug|Any CPU
		{4CD98087-039E-48B1-A38A-9C1C76FFD228}.Debug|x64.ActiveCfg = Debug|Any CPU
		{4CD98087-039E-48B1-A38A-9C1C76FFD228}.Debug|x64.Build.0 = Debug|Any CPU
		{4CD98087-039E-48B1-A38A-9C1C76FFD228}.Debug|x86.ActiveCfg = Debug|Any CPU
		{4CD98087-039E-48B1-A38A-9C1C76FFD228}.Debug|x86.Build.0 = Debug|Any CPU
		{4CD98087-039E-48B1-A38A-9C1C76FFD228}.Release|Any CPU.ActiveCfg = Release|Any CPU
		{4CD98087-039E-48B1-A38A-9C1C76FFD228}.Release|Any CPU.Build.0 = Release|Any CPU
		{4CD98087-039E-48B1-A38A-9C1C76FFD228}.Release|x64.ActiveCfg = Release|Any CPU
		{4CD98087-039E-48B1-A38A-9C1C76FFD228}.Release|x64.Build.0 = Release|Any CPU
		{4CD98087-039E-48B1-A38A-9C1C76FFD228}.Release|x86.ActiveCfg = Release|Any CPU
		{4CD98087-039E-48B1-A38A-9C1C76FFD228}.Release|x86.Build.0 = Release|Any CPU
		{B907D40E-15A1-4064-ABC8-9774F0C46B73}.Debug|Any CPU.ActiveCfg = Debug|Any CPU
		{B907D40E-15A1-4064-ABC8-9774F0C46B73}.Debug|Any CPU.Build.0 = Debug|Any CPU
		{B907D40E-15A1-4064-ABC8-9774F0C46B73}.Debug|x64.ActiveCfg = Debug|Any CPU
		{B907D40E-15A1-4064-ABC8-9774F0C46B73}.Debug|x64.Build.0 = Debug|Any CPU
		{B907D40E-15A1-4064-ABC8-9774F0C46B73}.Debug|x86.ActiveCfg = Debug|Any CPU
		{B907D40E-15A1-4064-ABC8-9774F0C46B73}.Debug|x86.Build.0 = Debug|Any CPU
		{B907D40E-15A1-4064-ABC8-9774F0C46B73}.Release|Any CPU.ActiveCfg = Release|Any CPU
		{B907D40E-15A1-4064-ABC8-9774F0C46B73}.Release|Any CPU.Build.0 = Release|Any CPU
		{B907D40E-15A1-4064-ABC8-9774F0C46B73}.Release|x64.ActiveCfg = Release|Any CPU
		{B907D40E-15A1-4064-ABC8-9774F0C46B73}.Release|x64.Build.0 = Release|Any CPU
		{B907D40E-15A1-4064-ABC8-9774F0C46B73}.Release|x86.ActiveCfg = Release|Any CPU
		{B907D40E-15A1-4064-ABC8-9774F0C46B73}.Release|x86.Build.0 = Release|Any CPU
		{3FD14E6D-A372-49C8-82B9-BC25004AABBE}.Debug|Any CPU.ActiveCfg = Debug|Any CPU
		{3FD14E6D-A372-49C8-82B9-BC25004AABBE}.Debug|Any CPU.Build.0 = Debug|Any CPU
		{3FD14E6D-A372-49C8-82B9-BC25004AABBE}.Debug|x64.ActiveCfg = Debug|Any CPU
		{3FD14E6D-A372-49C8-82B9-BC25004AABBE}.Debug|x64.Build.0 = Debug|Any CPU
		{3FD14E6D-A372-49C8-82B9-BC25004AABBE}.Debug|x86.ActiveCfg = Debug|Any CPU
		{3FD14E6D-A372-49C8-82B9-BC25004AABBE}.Debug|x86.Build.0 = Debug|Any CPU
		{3FD14E6D-A372-49C8-82B9-BC25004AABBE}.Release|Any CPU.ActiveCfg = Release|Any CPU
		{3FD14E6D-A372-49C8-82B9-BC25004AABBE}.Release|Any CPU.Build.0 = Release|Any CPU
		{3FD14E6D-A372-49C8-82B9-BC25004AABBE}.Release|x64.ActiveCfg = Release|Any CPU
		{3FD14E6D-A372-49C8-82B9-BC25004AABBE}.Release|x64.Build.0 = Release|Any CPU
		{3FD14E6D-A372-49C8-82B9-BC25004AABBE}.Release|x86.ActiveCfg = Release|Any CPU
		{3FD14E6D-A372-49C8-82B9-BC25004AABBE}.Release|x86.Build.0 = Release|Any CPU
		{5A1BC528-351C-4262-A7D7-D5388A828F4F}.Debug|Any CPU.ActiveCfg = Debug|Any CPU
		{5A1BC528-351C-4262-A7D7-D5388A828F4F}.Debug|Any CPU.Build.0 = Debug|Any CPU
		{5A1BC528-351C-4262-A7D7-D5388A828F4F}.Debug|x64.ActiveCfg = Debug|Any CPU
		{5A1BC528-351C-4262-A7D7-D5388A828F4F}.Debug|x64.Build.0 = Debug|Any CPU
		{5A1BC528-351C-4262-A7D7-D5388A828F4F}.Debug|x86.ActiveCfg = Debug|Any CPU
		{5A1BC528-351C-4262-A7D7-D5388A828F4F}.Debug|x86.Build.0 = Debug|Any CPU
		{5A1BC528-351C-4262-A7D7-D5388A828F4F}.Release|Any CPU.ActiveCfg = Release|Any CPU
		{5A1BC528-351C-4262-A7D7-D5388A828F4F}.Release|Any CPU.Build.0 = Release|Any CPU
		{5A1BC528-351C-4262-A7D7-D5388A828F4F}.Release|x64.ActiveCfg = Release|Any CPU
		{5A1BC528-351C-4262-A7D7-D5388A828F4F}.Release|x64.Build.0 = Release|Any CPU
		{5A1BC528-351C-4262-A7D7-D5388A828F4F}.Release|x86.ActiveCfg = Release|Any CPU
		{5A1BC528-351C-4262-A7D7-D5388A828F4F}.Release|x86.Build.0 = Release|Any CPU
		{C5EB4921-4049-46B6-8A14-D0446AA3AA80}.Debug|Any CPU.ActiveCfg = Debug|Any CPU
		{C5EB4921-4049-46B6-8A14-D0446AA3AA80}.Debug|Any CPU.Build.0 = Debug|Any CPU
		{C5EB4921-4049-46B6-8A14-D0446AA3AA80}.Debug|x64.ActiveCfg = Debug|Any CPU
		{C5EB4921-4049-46B6-8A14-D0446AA3AA80}.Debug|x64.Build.0 = Debug|Any CPU
		{C5EB4921-4049-46B6-8A14-D0446AA3AA80}.Debug|x86.ActiveCfg = Debug|Any CPU
		{C5EB4921-4049-46B6-8A14-D0446AA3AA80}.Debug|x86.Build.0 = Debug|Any CPU
		{C5EB4921-4049-46B6-8A14-D0446AA3AA80}.Release|Any CPU.ActiveCfg = Release|Any CPU
		{C5EB4921-4049-46B6-8A14-D0446AA3AA80}.Release|Any CPU.Build.0 = Release|Any CPU
		{C5EB4921-4049-46B6-8A14-D0446AA3AA80}.Release|x64.ActiveCfg = Release|Any CPU
		{C5EB4921-4049-46B6-8A14-D0446AA3AA80}.Release|x64.Build.0 = Release|Any CPU
		{C5EB4921-4049-46B6-8A14-D0446AA3AA80}.Release|x86.ActiveCfg = Release|Any CPU
		{C5EB4921-4049-46B6-8A14-D0446AA3AA80}.Release|x86.Build.0 = Release|Any CPU
		{45F4BEB2-8C44-47ED-BF42-492E280CC653}.Debug|Any CPU.ActiveCfg = Debug|Any CPU
		{45F4BEB2-8C44-47ED-BF42-492E280CC653}.Debug|Any CPU.Build.0 = Debug|Any CPU
		{45F4BEB2-8C44-47ED-BF42-492E280CC653}.Debug|x64.ActiveCfg = Debug|Any CPU
		{45F4BEB2-8C44-47ED-BF42-492E280CC653}.Debug|x64.Build.0 = Debug|Any CPU
		{45F4BEB2-8C44-47ED-BF42-492E280CC653}.Debug|x86.ActiveCfg = Debug|Any CPU
		{45F4BEB2-8C44-47ED-BF42-492E280CC653}.Debug|x86.Build.0 = Debug|Any CPU
		{45F4BEB2-8C44-47ED-BF42-492E280CC653}.Release|Any CPU.ActiveCfg = Release|Any CPU
		{45F4BEB2-8C44-47ED-BF42-492E280CC653}.Release|Any CPU.Build.0 = Release|Any CPU
		{45F4BEB2-8C44-47ED-BF42-492E280CC653}.Release|x64.ActiveCfg = Release|Any CPU
		{45F4BEB2-8C44-47ED-BF42-492E280CC653}.Release|x64.Build.0 = Release|Any CPU
		{45F4BEB2-8C44-47ED-BF42-492E280CC653}.Release|x86.ActiveCfg = Release|Any CPU
		{45F4BEB2-8C44-47ED-BF42-492E280CC653}.Release|x86.Build.0 = Release|Any CPU
		{A4798A64-7C07-4F2D-AB69-E47A22FFFAFC}.Debug|Any CPU.ActiveCfg = Debug|Any CPU
		{A4798A64-7C07-4F2D-AB69-E47A22FFFAFC}.Debug|Any CPU.Build.0 = Debug|Any CPU
		{A4798A64-7C07-4F2D-AB69-E47A22FFFAFC}.Debug|x64.ActiveCfg = Debug|Any CPU
		{A4798A64-7C07-4F2D-AB69-E47A22FFFAFC}.Debug|x64.Build.0 = Debug|Any CPU
		{A4798A64-7C07-4F2D-AB69-E47A22FFFAFC}.Debug|x86.ActiveCfg = Debug|Any CPU
		{A4798A64-7C07-4F2D-AB69-E47A22FFFAFC}.Debug|x86.Build.0 = Debug|Any CPU
		{A4798A64-7C07-4F2D-AB69-E47A22FFFAFC}.Release|Any CPU.ActiveCfg = Release|Any CPU
		{A4798A64-7C07-4F2D-AB69-E47A22FFFAFC}.Release|Any CPU.Build.0 = Release|Any CPU
		{A4798A64-7C07-4F2D-AB69-E47A22FFFAFC}.Release|x64.ActiveCfg = Release|Any CPU
		{A4798A64-7C07-4F2D-AB69-E47A22FFFAFC}.Release|x64.Build.0 = Release|Any CPU
		{A4798A64-7C07-4F2D-AB69-E47A22FFFAFC}.Release|x86.ActiveCfg = Release|Any CPU
		{A4798A64-7C07-4F2D-AB69-E47A22FFFAFC}.Release|x86.Build.0 = Release|Any CPU
		{B43B4AB0-F9DC-424E-BAFD-82EB6F774F85}.Debug|Any CPU.ActiveCfg = Debug|Any CPU
		{B43B4AB0-F9DC-424E-BAFD-82EB6F774F85}.Debug|Any CPU.Build.0 = Debug|Any CPU
		{B43B4AB0-F9DC-424E-BAFD-82EB6F774F85}.Debug|x64.ActiveCfg = Debug|Any CPU
		{B43B4AB0-F9DC-424E-BAFD-82EB6F774F85}.Debug|x64.Build.0 = Debug|Any CPU
		{B43B4AB0-F9DC-424E-BAFD-82EB6F774F85}.Debug|x86.ActiveCfg = Debug|Any CPU
		{B43B4AB0-F9DC-424E-BAFD-82EB6F774F85}.Debug|x86.Build.0 = Debug|Any CPU
		{B43B4AB0-F9DC-424E-BAFD-82EB6F774F85}.Release|Any CPU.ActiveCfg = Release|Any CPU
		{B43B4AB0-F9DC-424E-BAFD-82EB6F774F85}.Release|Any CPU.Build.0 = Release|Any CPU
		{B43B4AB0-F9DC-424E-BAFD-82EB6F774F85}.Release|x64.ActiveCfg = Release|Any CPU
		{B43B4AB0-F9DC-424E-BAFD-82EB6F774F85}.Release|x64.Build.0 = Release|Any CPU
		{B43B4AB0-F9DC-424E-BAFD-82EB6F774F85}.Release|x86.ActiveCfg = Release|Any CPU
		{B43B4AB0-F9DC-424E-BAFD-82EB6F774F85}.Release|x86.Build.0 = Release|Any CPU
		{93F137B0-70CE-411E-B45C-1A8DC25384D0}.Debug|Any CPU.ActiveCfg = Debug|Any CPU
		{93F137B0-70CE-411E-B45C-1A8DC25384D0}.Debug|Any CPU.Build.0 = Debug|Any CPU
		{93F137B0-70CE-411E-B45C-1A8DC25384D0}.Debug|x64.ActiveCfg = Debug|Any CPU
		{93F137B0-70CE-411E-B45C-1A8DC25384D0}.Debug|x64.Build.0 = Debug|Any CPU
		{93F137B0-70CE-411E-B45C-1A8DC25384D0}.Debug|x86.ActiveCfg = Debug|Any CPU
		{93F137B0-70CE-411E-B45C-1A8DC25384D0}.Debug|x86.Build.0 = Debug|Any CPU
		{93F137B0-70CE-411E-B45C-1A8DC25384D0}.Release|Any CPU.ActiveCfg = Release|Any CPU
		{93F137B0-70CE-411E-B45C-1A8DC25384D0}.Release|Any CPU.Build.0 = Release|Any CPU
		{93F137B0-70CE-411E-B45C-1A8DC25384D0}.Release|x64.ActiveCfg = Release|Any CPU
		{93F137B0-70CE-411E-B45C-1A8DC25384D0}.Release|x64.Build.0 = Release|Any CPU
		{93F137B0-70CE-411E-B45C-1A8DC25384D0}.Release|x86.ActiveCfg = Release|Any CPU
		{93F137B0-70CE-411E-B45C-1A8DC25384D0}.Release|x86.Build.0 = Release|Any CPU
		{0D6C2560-A955-47E7-9DE8-CB2294EF0C57}.Debug|Any CPU.ActiveCfg = Debug|Any CPU
		{0D6C2560-A955-47E7-9DE8-CB2294EF0C57}.Debug|Any CPU.Build.0 = Debug|Any CPU
		{0D6C2560-A955-47E7-9DE8-CB2294EF0C57}.Debug|x64.ActiveCfg = Debug|Any CPU
		{0D6C2560-A955-47E7-9DE8-CB2294EF0C57}.Debug|x64.Build.0 = Debug|Any CPU
		{0D6C2560-A955-47E7-9DE8-CB2294EF0C57}.Debug|x86.ActiveCfg = Debug|Any CPU
		{0D6C2560-A955-47E7-9DE8-CB2294EF0C57}.Debug|x86.Build.0 = Debug|Any CPU
		{0D6C2560-A955-47E7-9DE8-CB2294EF0C57}.Release|Any CPU.ActiveCfg = Release|Any CPU
		{0D6C2560-A955-47E7-9DE8-CB2294EF0C57}.Release|Any CPU.Build.0 = Release|Any CPU
		{0D6C2560-A955-47E7-9DE8-CB2294EF0C57}.Release|x64.ActiveCfg = Release|Any CPU
		{0D6C2560-A955-47E7-9DE8-CB2294EF0C57}.Release|x64.Build.0 = Release|Any CPU
		{0D6C2560-A955-47E7-9DE8-CB2294EF0C57}.Release|x86.ActiveCfg = Release|Any CPU
		{0D6C2560-A955-47E7-9DE8-CB2294EF0C57}.Release|x86.Build.0 = Release|Any CPU
		{A6E2815D-7EE3-48F3-93C1-97B85357A8EF}.Debug|Any CPU.ActiveCfg = Debug|Any CPU
		{A6E2815D-7EE3-48F3-93C1-97B85357A8EF}.Debug|Any CPU.Build.0 = Debug|Any CPU
		{A6E2815D-7EE3-48F3-93C1-97B85357A8EF}.Debug|x64.ActiveCfg = Debug|Any CPU
		{A6E2815D-7EE3-48F3-93C1-97B85357A8EF}.Debug|x64.Build.0 = Debug|Any CPU
		{A6E2815D-7EE3-48F3-93C1-97B85357A8EF}.Debug|x86.ActiveCfg = Debug|Any CPU
		{A6E2815D-7EE3-48F3-93C1-97B85357A8EF}.Debug|x86.Build.0 = Debug|Any CPU
		{A6E2815D-7EE3-48F3-93C1-97B85357A8EF}.Release|Any CPU.ActiveCfg = Release|Any CPU
		{A6E2815D-7EE3-48F3-93C1-97B85357A8EF}.Release|Any CPU.Build.0 = Release|Any CPU
		{A6E2815D-7EE3-48F3-93C1-97B85357A8EF}.Release|x64.ActiveCfg = Release|Any CPU
		{A6E2815D-7EE3-48F3-93C1-97B85357A8EF}.Release|x64.Build.0 = Release|Any CPU
		{A6E2815D-7EE3-48F3-93C1-97B85357A8EF}.Release|x86.ActiveCfg = Release|Any CPU
		{A6E2815D-7EE3-48F3-93C1-97B85357A8EF}.Release|x86.Build.0 = Release|Any CPU
		{F7D741DD-AF2C-4FB3-8A8A-025A0F3F90CF}.Debug|Any CPU.ActiveCfg = Debug|Any CPU
		{F7D741DD-AF2C-4FB3-8A8A-025A0F3F90CF}.Debug|Any CPU.Build.0 = Debug|Any CPU
		{F7D741DD-AF2C-4FB3-8A8A-025A0F3F90CF}.Debug|x64.ActiveCfg = Debug|Any CPU
		{F7D741DD-AF2C-4FB3-8A8A-025A0F3F90CF}.Debug|x64.Build.0 = Debug|Any CPU
		{F7D741DD-AF2C-4FB3-8A8A-025A0F3F90CF}.Debug|x86.ActiveCfg = Debug|Any CPU
		{F7D741DD-AF2C-4FB3-8A8A-025A0F3F90CF}.Debug|x86.Build.0 = Debug|Any CPU
		{F7D741DD-AF2C-4FB3-8A8A-025A0F3F90CF}.Release|Any CPU.ActiveCfg = Release|Any CPU
		{F7D741DD-AF2C-4FB3-8A8A-025A0F3F90CF}.Release|Any CPU.Build.0 = Release|Any CPU
		{F7D741DD-AF2C-4FB3-8A8A-025A0F3F90CF}.Release|x64.ActiveCfg = Release|Any CPU
		{F7D741DD-AF2C-4FB3-8A8A-025A0F3F90CF}.Release|x64.Build.0 = Release|Any CPU
		{F7D741DD-AF2C-4FB3-8A8A-025A0F3F90CF}.Release|x86.ActiveCfg = Release|Any CPU
		{F7D741DD-AF2C-4FB3-8A8A-025A0F3F90CF}.Release|x86.Build.0 = Release|Any CPU
		{90442B80-3907-4862-B21D-DD732BDC33E5}.Debug|Any CPU.ActiveCfg = Debug|Any CPU
		{90442B80-3907-4862-B21D-DD732BDC33E5}.Debug|Any CPU.Build.0 = Debug|Any CPU
		{90442B80-3907-4862-B21D-DD732BDC33E5}.Debug|x64.ActiveCfg = Debug|Any CPU
		{90442B80-3907-4862-B21D-DD732BDC33E5}.Debug|x64.Build.0 = Debug|Any CPU
		{90442B80-3907-4862-B21D-DD732BDC33E5}.Debug|x86.ActiveCfg = Debug|Any CPU
		{90442B80-3907-4862-B21D-DD732BDC33E5}.Debug|x86.Build.0 = Debug|Any CPU
		{90442B80-3907-4862-B21D-DD732BDC33E5}.Release|Any CPU.ActiveCfg = Release|Any CPU
		{90442B80-3907-4862-B21D-DD732BDC33E5}.Release|Any CPU.Build.0 = Release|Any CPU
		{90442B80-3907-4862-B21D-DD732BDC33E5}.Release|x64.ActiveCfg = Release|Any CPU
		{90442B80-3907-4862-B21D-DD732BDC33E5}.Release|x64.Build.0 = Release|Any CPU
		{90442B80-3907-4862-B21D-DD732BDC33E5}.Release|x86.ActiveCfg = Release|Any CPU
		{90442B80-3907-4862-B21D-DD732BDC33E5}.Release|x86.Build.0 = Release|Any CPU
		{BD53EF22-C2C0-41D2-A20F-6F95A9F53873}.Debug|Any CPU.ActiveCfg = Debug|Any CPU
		{BD53EF22-C2C0-41D2-A20F-6F95A9F53873}.Debug|Any CPU.Build.0 = Debug|Any CPU
		{BD53EF22-C2C0-41D2-A20F-6F95A9F53873}.Debug|x64.ActiveCfg = Debug|Any CPU
		{BD53EF22-C2C0-41D2-A20F-6F95A9F53873}.Debug|x64.Build.0 = Debug|Any CPU
		{BD53EF22-C2C0-41D2-A20F-6F95A9F53873}.Debug|x86.ActiveCfg = Debug|Any CPU
		{BD53EF22-C2C0-41D2-A20F-6F95A9F53873}.Debug|x86.Build.0 = Debug|Any CPU
		{BD53EF22-C2C0-41D2-A20F-6F95A9F53873}.Release|Any CPU.ActiveCfg = Release|Any CPU
		{BD53EF22-C2C0-41D2-A20F-6F95A9F53873}.Release|Any CPU.Build.0 = Release|Any CPU
		{BD53EF22-C2C0-41D2-A20F-6F95A9F53873}.Release|x64.ActiveCfg = Release|Any CPU
		{BD53EF22-C2C0-41D2-A20F-6F95A9F53873}.Release|x64.Build.0 = Release|Any CPU
		{BD53EF22-C2C0-41D2-A20F-6F95A9F53873}.Release|x86.ActiveCfg = Release|Any CPU
		{BD53EF22-C2C0-41D2-A20F-6F95A9F53873}.Release|x86.Build.0 = Release|Any CPU
		{579A7F74-3782-4134-9AD2-45165E6E7BCD}.Debug|Any CPU.ActiveCfg = Debug|Any CPU
		{579A7F74-3782-4134-9AD2-45165E6E7BCD}.Debug|Any CPU.Build.0 = Debug|Any CPU
		{579A7F74-3782-4134-9AD2-45165E6E7BCD}.Debug|x64.ActiveCfg = Debug|Any CPU
		{579A7F74-3782-4134-9AD2-45165E6E7BCD}.Debug|x64.Build.0 = Debug|Any CPU
		{579A7F74-3782-4134-9AD2-45165E6E7BCD}.Debug|x86.ActiveCfg = Debug|Any CPU
		{579A7F74-3782-4134-9AD2-45165E6E7BCD}.Debug|x86.Build.0 = Debug|Any CPU
		{579A7F74-3782-4134-9AD2-45165E6E7BCD}.Release|Any CPU.ActiveCfg = Release|Any CPU
		{579A7F74-3782-4134-9AD2-45165E6E7BCD}.Release|Any CPU.Build.0 = Release|Any CPU
		{579A7F74-3782-4134-9AD2-45165E6E7BCD}.Release|x64.ActiveCfg = Release|Any CPU
		{579A7F74-3782-4134-9AD2-45165E6E7BCD}.Release|x64.Build.0 = Release|Any CPU
		{579A7F74-3782-4134-9AD2-45165E6E7BCD}.Release|x86.ActiveCfg = Release|Any CPU
		{579A7F74-3782-4134-9AD2-45165E6E7BCD}.Release|x86.Build.0 = Release|Any CPU
		{9FD3B2D6-0079-47F7-A63B-1D039F143E3C}.Debug|Any CPU.ActiveCfg = Debug|Any CPU
		{9FD3B2D6-0079-47F7-A63B-1D039F143E3C}.Debug|Any CPU.Build.0 = Debug|Any CPU
		{9FD3B2D6-0079-47F7-A63B-1D039F143E3C}.Debug|x64.ActiveCfg = Debug|Any CPU
		{9FD3B2D6-0079-47F7-A63B-1D039F143E3C}.Debug|x64.Build.0 = Debug|Any CPU
		{9FD3B2D6-0079-47F7-A63B-1D039F143E3C}.Debug|x86.ActiveCfg = Debug|Any CPU
		{9FD3B2D6-0079-47F7-A63B-1D039F143E3C}.Debug|x86.Build.0 = Debug|Any CPU
		{9FD3B2D6-0079-47F7-A63B-1D039F143E3C}.Release|Any CPU.ActiveCfg = Release|Any CPU
		{9FD3B2D6-0079-47F7-A63B-1D039F143E3C}.Release|Any CPU.Build.0 = Release|Any CPU
		{9FD3B2D6-0079-47F7-A63B-1D039F143E3C}.Release|x64.ActiveCfg = Release|Any CPU
		{9FD3B2D6-0079-47F7-A63B-1D039F143E3C}.Release|x64.Build.0 = Release|Any CPU
		{9FD3B2D6-0079-47F7-A63B-1D039F143E3C}.Release|x86.ActiveCfg = Release|Any CPU
		{9FD3B2D6-0079-47F7-A63B-1D039F143E3C}.Release|x86.Build.0 = Release|Any CPU
		{B780EA96-DB9A-49AD-AECF-A78892E948C8}.Debug|Any CPU.ActiveCfg = Debug|Any CPU
		{B780EA96-DB9A-49AD-AECF-A78892E948C8}.Debug|Any CPU.Build.0 = Debug|Any CPU
		{B780EA96-DB9A-49AD-AECF-A78892E948C8}.Debug|x64.ActiveCfg = Debug|Any CPU
		{B780EA96-DB9A-49AD-AECF-A78892E948C8}.Debug|x64.Build.0 = Debug|Any CPU
		{B780EA96-DB9A-49AD-AECF-A78892E948C8}.Debug|x86.ActiveCfg = Debug|Any CPU
		{B780EA96-DB9A-49AD-AECF-A78892E948C8}.Debug|x86.Build.0 = Debug|Any CPU
		{B780EA96-DB9A-49AD-AECF-A78892E948C8}.Release|Any CPU.ActiveCfg = Release|Any CPU
		{B780EA96-DB9A-49AD-AECF-A78892E948C8}.Release|Any CPU.Build.0 = Release|Any CPU
		{B780EA96-DB9A-49AD-AECF-A78892E948C8}.Release|x64.ActiveCfg = Release|Any CPU
		{B780EA96-DB9A-49AD-AECF-A78892E948C8}.Release|x64.Build.0 = Release|Any CPU
		{B780EA96-DB9A-49AD-AECF-A78892E948C8}.Release|x86.ActiveCfg = Release|Any CPU
		{B780EA96-DB9A-49AD-AECF-A78892E948C8}.Release|x86.Build.0 = Release|Any CPU
		{8EBEF7D7-88D2-44AE-8FA8-9E0644B00659}.Debug|Any CPU.ActiveCfg = Debug|Any CPU
		{8EBEF7D7-88D2-44AE-8FA8-9E0644B00659}.Debug|Any CPU.Build.0 = Debug|Any CPU
		{8EBEF7D7-88D2-44AE-8FA8-9E0644B00659}.Debug|x64.ActiveCfg = Debug|Any CPU
		{8EBEF7D7-88D2-44AE-8FA8-9E0644B00659}.Debug|x64.Build.0 = Debug|Any CPU
		{8EBEF7D7-88D2-44AE-8FA8-9E0644B00659}.Debug|x86.ActiveCfg = Debug|Any CPU
		{8EBEF7D7-88D2-44AE-8FA8-9E0644B00659}.Debug|x86.Build.0 = Debug|Any CPU
		{8EBEF7D7-88D2-44AE-8FA8-9E0644B00659}.Release|Any CPU.ActiveCfg = Release|Any CPU
		{8EBEF7D7-88D2-44AE-8FA8-9E0644B00659}.Release|Any CPU.Build.0 = Release|Any CPU
		{8EBEF7D7-88D2-44AE-8FA8-9E0644B00659}.Release|x64.ActiveCfg = Release|Any CPU
		{8EBEF7D7-88D2-44AE-8FA8-9E0644B00659}.Release|x64.Build.0 = Release|Any CPU
		{8EBEF7D7-88D2-44AE-8FA8-9E0644B00659}.Release|x86.ActiveCfg = Release|Any CPU
		{8EBEF7D7-88D2-44AE-8FA8-9E0644B00659}.Release|x86.Build.0 = Release|Any CPU
		{699F008C-525D-4A98-B5A1-D02204B97DD1}.Debug|Any CPU.ActiveCfg = Debug|Any CPU
		{699F008C-525D-4A98-B5A1-D02204B97DD1}.Debug|Any CPU.Build.0 = Debug|Any CPU
		{699F008C-525D-4A98-B5A1-D02204B97DD1}.Debug|x64.ActiveCfg = Debug|Any CPU
		{699F008C-525D-4A98-B5A1-D02204B97DD1}.Debug|x64.Build.0 = Debug|Any CPU
		{699F008C-525D-4A98-B5A1-D02204B97DD1}.Debug|x86.ActiveCfg = Debug|Any CPU
		{699F008C-525D-4A98-B5A1-D02204B97DD1}.Debug|x86.Build.0 = Debug|Any CPU
		{699F008C-525D-4A98-B5A1-D02204B97DD1}.Release|Any CPU.ActiveCfg = Release|Any CPU
		{699F008C-525D-4A98-B5A1-D02204B97DD1}.Release|Any CPU.Build.0 = Release|Any CPU
		{699F008C-525D-4A98-B5A1-D02204B97DD1}.Release|x64.ActiveCfg = Release|Any CPU
		{699F008C-525D-4A98-B5A1-D02204B97DD1}.Release|x64.Build.0 = Release|Any CPU
		{699F008C-525D-4A98-B5A1-D02204B97DD1}.Release|x86.ActiveCfg = Release|Any CPU
		{699F008C-525D-4A98-B5A1-D02204B97DD1}.Release|x86.Build.0 = Release|Any CPU
		{FD234D9C-8CFD-4A95-AFA9-01E4DEA25942}.Debug|Any CPU.ActiveCfg = Debug|Any CPU
		{FD234D9C-8CFD-4A95-AFA9-01E4DEA25942}.Debug|Any CPU.Build.0 = Debug|Any CPU
		{FD234D9C-8CFD-4A95-AFA9-01E4DEA25942}.Debug|x64.ActiveCfg = Debug|Any CPU
		{FD234D9C-8CFD-4A95-AFA9-01E4DEA25942}.Debug|x64.Build.0 = Debug|Any CPU
		{FD234D9C-8CFD-4A95-AFA9-01E4DEA25942}.Debug|x86.ActiveCfg = Debug|Any CPU
		{FD234D9C-8CFD-4A95-AFA9-01E4DEA25942}.Debug|x86.Build.0 = Debug|Any CPU
		{FD234D9C-8CFD-4A95-AFA9-01E4DEA25942}.Release|Any CPU.ActiveCfg = Release|Any CPU
		{FD234D9C-8CFD-4A95-AFA9-01E4DEA25942}.Release|Any CPU.Build.0 = Release|Any CPU
		{FD234D9C-8CFD-4A95-AFA9-01E4DEA25942}.Release|x64.ActiveCfg = Release|Any CPU
		{FD234D9C-8CFD-4A95-AFA9-01E4DEA25942}.Release|x64.Build.0 = Release|Any CPU
		{FD234D9C-8CFD-4A95-AFA9-01E4DEA25942}.Release|x86.ActiveCfg = Release|Any CPU
		{FD234D9C-8CFD-4A95-AFA9-01E4DEA25942}.Release|x86.Build.0 = Release|Any CPU
	EndGlobalSection
EndGlobal
