
Microsoft Visual Studio Solution File, Format Version 12.00
# Visual Studio Version 16
VisualStudioVersion = 16.0.30114.105
MinimumVisualStudioVersion = 10.0.40219.1
Project("{FAE04EC0-301F-11D3-BF4B-00C04F79EFBC}") = "Penguin.Cms.Modules.Admin.Local", "Penguin.Cms.Modules.Admin.Local.csproj", "{6D0CB366-83BC-457C-AB53-AE696175208F}"
EndProject
Project("{FAE04EC0-301F-11D3-BF4B-00C04F79EFBC}") = "Penguin.Web.Security.Local", "..\Penguin.Web.Security\Penguin.Web.Security.Local.csproj", "{51023F18-6708-4B6D-99BE-723ACC52E42C}"
EndProject
Project("{FAE04EC0-301F-11D3-BF4B-00C04F79EFBC}") = "Penguin.Security.Abstractions.Local", "..\Penguin.Security.Abstractions\Penguin.Security.Abstractions.Local.csproj", "{6A01AAB0-D5B1-4C67-ADFB-73EE34F919F2}"
EndProject
Project("{FAE04EC0-301F-11D3-BF4B-00C04F79EFBC}") = "Penguin.Cms.Modules.Core.Local", "..\Penguin.Cms.Modules.Core\Penguin.Cms.Modules.Core.Local.csproj", "{A1796567-1F0C-46CD-8859-E31B53466AEC}"
EndProject
Project("{FAE04EC0-301F-11D3-BF4B-00C04F79EFBC}") = "Penguin.Navigation.Abstractions.Local", "..\Penguin.Navigation.Abstractions\Penguin.Navigation.Abstractions.Local.csproj", "{66E29E11-E30F-4D0C-8EC3-DBC2748E5283}"
EndProject
Project("{FAE04EC0-301F-11D3-BF4B-00C04F79EFBC}") = "Penguin.Cms.Core.Local", "..\Penguin.Cms.Core\Penguin.Cms.Core.Local.csproj", "{C659F15F-B925-420E-9C0C-DF74EA612E44}"
EndProject
Project("{FAE04EC0-301F-11D3-BF4B-00C04F79EFBC}") = "Penguin.Cms.Abstractions.Local", "..\Penguin.Cms.Abstractions\Penguin.Cms.Abstractions.Local.csproj", "{D1308A34-5369-4B18-826F-C541C304ED24}"
EndProject
Project("{FAE04EC0-301F-11D3-BF4B-00C04F79EFBC}") = "Penguin.DependencyInjection.Abstractions.Local", "..\Penguin.DependencyInjection.Abstractions\Penguin.DependencyInjection.Abstractions.Local.csproj", "{EA3BA1C7-BE1C-46B8-8BB2-88AAB9540916}"
EndProject
Project("{FAE04EC0-301F-11D3-BF4B-00C04F79EFBC}") = "Penguin.Persistence.Abstractions.Local", "..\Penguin.Persistence.Abstractions\Penguin.Persistence.Abstractions.Local.csproj", "{DA99FC7E-D958-4945-8D12-1DD25E2F88EB}"
EndProject
Project("{FAE04EC0-301F-11D3-BF4B-00C04F79EFBC}") = "Penguin.Entities.Abstractions.Local", "..\Penguin.Entities.Abstractions\Penguin.Entities.Abstractions.Local.csproj", "{95CD1EE9-9670-4AD6-AC1E-AF8F469D588E}"
EndProject
Project("{FAE04EC0-301F-11D3-BF4B-00C04F79EFBC}") = "Penguin.Reflection.Extensions.Local", "..\Penguin.Reflection.Extensions\Penguin.Reflection.Extensions.Local.csproj", "{2AA1CAE5-E7DC-4A43-BBFC-1D061453525C}"
EndProject
Project("{FAE04EC0-301F-11D3-BF4B-00C04F79EFBC}") = "Penguin.Reflection.Abstractions.Local", "..\Penguin.Reflection.Abstractions\Penguin.Reflection.Abstractions.Local.csproj", "{0EB0D2FD-AD2E-4425-90DF-3B1ACE9DAED5}"
EndProject
Project("{FAE04EC0-301F-11D3-BF4B-00C04F79EFBC}") = "Penguin.Extensions.String.Local", "..\Penguin.Extensions.String\Penguin.Extensions.String.Local.csproj", "{47A5B077-6123-499A-AAAF-456B9F987C75}"
EndProject
Project("{FAE04EC0-301F-11D3-BF4B-00C04F79EFBC}") = "Penguin.Reflection.Local", "..\Penguin.Reflection\Penguin.Reflection.Local.csproj", "{0957173C-2769-41E5-A1C6-3CE26EBBF31E}"
EndProject
Project("{FAE04EC0-301F-11D3-BF4B-00C04F79EFBC}") = "Penguin.Debugging.Local", "..\Penguin.Debugging\Penguin.Debugging.Local.csproj", "{ADAE98FD-7FAB-4321-A6DA-BFC74C053D5A}"
EndProject
Project("{FAE04EC0-301F-11D3-BF4B-00C04F79EFBC}") = "Penguin.Extensions.Exceptions.Local", "..\Penguin.Extensions.Exceptions\Penguin.Extensions.Exceptions.Local.csproj", "{42B997F9-0D95-4DB0-ACB4-6FE6B242A434}"
EndProject
Project("{FAE04EC0-301F-11D3-BF4B-00C04F79EFBC}") = "Penguin.Cms.Web.Local", "..\Penguin.Cms.Web\Penguin.Cms.Web.Local.csproj", "{A7D8483B-ECD5-42B8-9D19-7BCE7543E16D}"
EndProject
Project("{FAE04EC0-301F-11D3-BF4B-00C04F79EFBC}") = "Penguin.Web.Mvc.Local", "..\Penguin.Web.Mvc\Penguin.Web.Mvc.Local.csproj", "{DD3773A4-EEA2-46B4-BD46-35CC4AC9D539}"
EndProject
Project("{FAE04EC0-301F-11D3-BF4B-00C04F79EFBC}") = "Penguin.Web.Mvc.Abstractions.Local", "..\Penguin.Web.Mvc.Abstractions\Penguin.Web.Mvc.Abstractions.Local.csproj", "{B8E5EF28-99AB-4C8D-A4DF-38DA77445C38}"
EndProject
Project("{FAE04EC0-301F-11D3-BF4B-00C04F79EFBC}") = "Penguin.Templating.Abstractions.Local", "..\Penguin.Templating.Abstractions\Penguin.Templating.Abstractions.Local.csproj", "{D022E738-7965-484A-9222-96E956C47497}"
EndProject
Project("{FAE04EC0-301F-11D3-BF4B-00C04F79EFBC}") = "Penguin.Web.Abstractions.Local", "..\Penguin.Web.Abstractions\Penguin.Web.Abstractions.Local.csproj", "{A0363047-CF5B-4154-A3C5-9C28FECB53FE}"
EndProject
Project("{FAE04EC0-301F-11D3-BF4B-00C04F79EFBC}") = "Penguin.Configuration.Local", "..\Penguin.Configuration\Penguin.Configuration.Local.csproj", "{02C69615-34F8-4A61-AF11-75EE9D3BEBFC}"
EndProject
Project("{FAE04EC0-301F-11D3-BF4B-00C04F79EFBC}") = "Penguin.Configuration.Abstractions.Local", "..\Penguin.Configuration.Abstractions\Penguin.Configuration.Abstractions.Local.csproj", "{051414FD-EF37-4B8A-AB08-AA6E0C66F1A5}"
EndProject
Project("{FAE04EC0-301F-11D3-BF4B-00C04F79EFBC}") = "Penguin.Extensions.Collections.Local", "..\Penguin.Extensions.Collections\Penguin.Extensions.Collections.Local.csproj", "{88475892-228E-4CE1-A87B-11BFFD57659B}"
EndProject
Project("{FAE04EC0-301F-11D3-BF4B-00C04F79EFBC}") = "Penguin.Cms.Entities.Local", "..\Penguin.Cms.Entities\Penguin.Cms.Entities.Local.csproj", "{2B1F5BF5-2EA0-4A48-A6F0-0F74CCF12263}"
EndProject
Project("{FAE04EC0-301F-11D3-BF4B-00C04F79EFBC}") = "Penguin.Messaging.Application.Local", "..\Penguin.Messaging.Application\Penguin.Messaging.Application.Local.csproj", "{60A1B318-E874-4C01-8C8B-082FE1289FCC}"
EndProject
Project("{FAE04EC0-301F-11D3-BF4B-00C04F79EFBC}") = "Penguin.Messaging.Core.Local", "..\Penguin.Messaging.Core\Penguin.Messaging.Core.Local.csproj", "{D591DD68-F4B4-4BBD-AA57-9B478D21478E}"
EndProject
Project("{FAE04EC0-301F-11D3-BF4B-00C04F79EFBC}") = "Penguin.Messaging.Abstractions.Local", "..\Penguin.Messaging.Abstractions\Penguin.Messaging.Abstractions.Local.csproj", "{CD8D041A-F698-491C-A5E0-8AD26CE87E51}"
EndProject
Project("{FAE04EC0-301F-11D3-BF4B-00C04F79EFBC}") = "Penguin.Testing.Local", "..\Penguin.Testing\Penguin.Testing.Local.csproj", "{B7E678CA-4B64-40E7-89D6-E4A43159E282}"
EndProject
Project("{FAE04EC0-301F-11D3-BF4B-00C04F79EFBC}") = "Penguin.Web.Errors.Local", "..\Penguin.Web.Errors\Penguin.Web.Errors.Local.csproj", "{081AD6F2-7F9A-415F-873D-1BD27BE11706}"
EndProject
Project("{FAE04EC0-301F-11D3-BF4B-00C04F79EFBC}") = "Penguin.Files.Local", "..\Penguin.Files\Penguin.Files.Local.csproj", "{81AB520A-89C3-4F99-8A99-ED03192C9408}"
EndProject
Project("{FAE04EC0-301F-11D3-BF4B-00C04F79EFBC}") = "Penguin.Files.Abstractions.Local", "..\Penguin.Files.Abstractions\Penguin.Files.Abstractions.Local.csproj", "{724946A8-B50A-4500-89AB-CBD256F16B75}"
EndProject
Project("{FAE04EC0-301F-11D3-BF4B-00C04F79EFBC}") = "Penguin.Web.DependencyInjection.Local", "..\Penguin.Web.DependencyInjection\Penguin.Web.DependencyInjection.Local.csproj", "{E5CAAB39-4945-461F-8EE8-0A35F4C4CDB4}"
EndProject
Project("{FAE04EC0-301F-11D3-BF4B-00C04F79EFBC}") = "Penguin.Web.Testing.Local", "..\Penguin.Web.Testing\Penguin.Web.Testing.Local.csproj", "{3465026F-31E9-4D66-90DA-8B68BB0EE1F8}"
EndProject
Project("{FAE04EC0-301F-11D3-BF4B-00C04F79EFBC}") = "Penguin.DependencyInjection.Local", "..\Penguin.DependencyInjection\Penguin.DependencyInjection.Local.csproj", "{844078F3-BC99-46E8-B83F-505998AC517D}"
EndProject
Project("{FAE04EC0-301F-11D3-BF4B-00C04F79EFBC}") = "Penguin.Persistence.Repositories.Local", "..\Penguin.Persistence.Repositories\Penguin.Persistence.Repositories.Local.csproj", "{18B0B2B2-0C7F-47FD-A676-8DF5FF2BC770}"
EndProject
Project("{FAE04EC0-301F-11D3-BF4B-00C04F79EFBC}") = "Penguin.Messaging.Persistence.Local", "..\Penguin.Messaging.Persistence\Penguin.Messaging.Persistence.Local.csproj", "{71EF493C-03FD-4A8C-8E48-AD2F5D5023F4}"
EndProject
Project("{FAE04EC0-301F-11D3-BF4B-00C04F79EFBC}") = "Penguin.Reflection.Serialization.Extensions.Local", "..\Penguin.Reflection.Serialization.Extensions\Penguin.Reflection.Serialization.Extensions.Local.csproj", "{46256190-9AC1-4E4E-831A-468B1EB785DA}"
EndProject
Project("{FAE04EC0-301F-11D3-BF4B-00C04F79EFBC}") = "Penguin.Reflection.Serialization.Local", "..\Penguin.Reflection.Serialization\Penguin.Reflection.Serialization.Local.csproj", "{CC508BD3-1E04-49D1-9773-0A447464BA97}"
EndProject
Project("{FAE04EC0-301F-11D3-BF4B-00C04F79EFBC}") = "Penguin.Reflection.Serialization.Abstractions.Local", "..\Penguin.Reflection.Serialization.Abstractions\Penguin.Reflection.Serialization.Abstractions.Local.csproj", "{1F06664F-ABCE-4071-9AD2-4FFD6127204A}"
EndProject
Project("{FAE04EC0-301F-11D3-BF4B-00C04F79EFBC}") = "Penguin.Persistence.Database.Local", "..\Penguin.Persistence.Database\Penguin.Persistence.Database.Local.csproj", "{D2DCFAEF-6257-4668-880A-F6EDECC9B1B0}"
EndProject
Project("{FAE04EC0-301F-11D3-BF4B-00C04F79EFBC}") = "Penguin.Threading.BackgroundWorker.Local", "..\Penguin.Threading.BackgroundWorker\Penguin.Threading.BackgroundWorker.Local.csproj", "{6EAAEB9D-9054-473C-91E9-D21CB22BF447}"
EndProject
Global
	GlobalSection(SolutionConfigurationPlatforms) = preSolution
		Debug|Any CPU = Debug|Any CPU
		Debug|x64 = Debug|x64
		Debug|x86 = Debug|x86
		Release|Any CPU = Release|Any CPU
		Release|x64 = Release|x64
		Release|x86 = Release|x86
	EndGlobalSection
	GlobalSection(SolutionProperties) = preSolution
		HideSolutionNode = FALSE
	EndGlobalSection
	GlobalSection(ProjectConfigurationPlatforms) = postSolution
		{6D0CB366-83BC-457C-AB53-AE696175208F}.Debug|Any CPU.ActiveCfg = Debug|Any CPU
		{6D0CB366-83BC-457C-AB53-AE696175208F}.Debug|Any CPU.Build.0 = Debug|Any CPU
		{6D0CB366-83BC-457C-AB53-AE696175208F}.Debug|x64.ActiveCfg = Debug|Any CPU
		{6D0CB366-83BC-457C-AB53-AE696175208F}.Debug|x64.Build.0 = Debug|Any CPU
		{6D0CB366-83BC-457C-AB53-AE696175208F}.Debug|x86.ActiveCfg = Debug|Any CPU
		{6D0CB366-83BC-457C-AB53-AE696175208F}.Debug|x86.Build.0 = Debug|Any CPU
		{6D0CB366-83BC-457C-AB53-AE696175208F}.Release|Any CPU.ActiveCfg = Release|Any CPU
		{6D0CB366-83BC-457C-AB53-AE696175208F}.Release|Any CPU.Build.0 = Release|Any CPU
		{6D0CB366-83BC-457C-AB53-AE696175208F}.Release|x64.ActiveCfg = Release|Any CPU
		{6D0CB366-83BC-457C-AB53-AE696175208F}.Release|x64.Build.0 = Release|Any CPU
		{6D0CB366-83BC-457C-AB53-AE696175208F}.Release|x86.ActiveCfg = Release|Any CPU
		{6D0CB366-83BC-457C-AB53-AE696175208F}.Release|x86.Build.0 = Release|Any CPU
		{51023F18-6708-4B6D-99BE-723ACC52E42C}.Debug|Any CPU.ActiveCfg = Debug|Any CPU
		{51023F18-6708-4B6D-99BE-723ACC52E42C}.Debug|Any CPU.Build.0 = Debug|Any CPU
		{51023F18-6708-4B6D-99BE-723ACC52E42C}.Debug|x64.ActiveCfg = Debug|Any CPU
		{51023F18-6708-4B6D-99BE-723ACC52E42C}.Debug|x64.Build.0 = Debug|Any CPU
		{51023F18-6708-4B6D-99BE-723ACC52E42C}.Debug|x86.ActiveCfg = Debug|Any CPU
		{51023F18-6708-4B6D-99BE-723ACC52E42C}.Debug|x86.Build.0 = Debug|Any CPU
		{51023F18-6708-4B6D-99BE-723ACC52E42C}.Release|Any CPU.ActiveCfg = Release|Any CPU
		{51023F18-6708-4B6D-99BE-723ACC52E42C}.Release|Any CPU.Build.0 = Release|Any CPU
		{51023F18-6708-4B6D-99BE-723ACC52E42C}.Release|x64.ActiveCfg = Release|Any CPU
		{51023F18-6708-4B6D-99BE-723ACC52E42C}.Release|x64.Build.0 = Release|Any CPU
		{51023F18-6708-4B6D-99BE-723ACC52E42C}.Release|x86.ActiveCfg = Release|Any CPU
		{51023F18-6708-4B6D-99BE-723ACC52E42C}.Release|x86.Build.0 = Release|Any CPU
		{6A01AAB0-D5B1-4C67-ADFB-73EE34F919F2}.Debug|Any CPU.ActiveCfg = Debug|Any CPU
		{6A01AAB0-D5B1-4C67-ADFB-73EE34F919F2}.Debug|Any CPU.Build.0 = Debug|Any CPU
		{6A01AAB0-D5B1-4C67-ADFB-73EE34F919F2}.Debug|x64.ActiveCfg = Debug|Any CPU
		{6A01AAB0-D5B1-4C67-ADFB-73EE34F919F2}.Debug|x64.Build.0 = Debug|Any CPU
		{6A01AAB0-D5B1-4C67-ADFB-73EE34F919F2}.Debug|x86.ActiveCfg = Debug|Any CPU
		{6A01AAB0-D5B1-4C67-ADFB-73EE34F919F2}.Debug|x86.Build.0 = Debug|Any CPU
		{6A01AAB0-D5B1-4C67-ADFB-73EE34F919F2}.Release|Any CPU.ActiveCfg = Release|Any CPU
		{6A01AAB0-D5B1-4C67-ADFB-73EE34F919F2}.Release|Any CPU.Build.0 = Release|Any CPU
		{6A01AAB0-D5B1-4C67-ADFB-73EE34F919F2}.Release|x64.ActiveCfg = Release|Any CPU
		{6A01AAB0-D5B1-4C67-ADFB-73EE34F919F2}.Release|x64.Build.0 = Release|Any CPU
		{6A01AAB0-D5B1-4C67-ADFB-73EE34F919F2}.Release|x86.ActiveCfg = Release|Any CPU
		{6A01AAB0-D5B1-4C67-ADFB-73EE34F919F2}.Release|x86.Build.0 = Release|Any CPU
		{A1796567-1F0C-46CD-8859-E31B53466AEC}.Debug|Any CPU.ActiveCfg = Debug|Any CPU
		{A1796567-1F0C-46CD-8859-E31B53466AEC}.Debug|Any CPU.Build.0 = Debug|Any CPU
		{A1796567-1F0C-46CD-8859-E31B53466AEC}.Debug|x64.ActiveCfg = Debug|Any CPU
		{A1796567-1F0C-46CD-8859-E31B53466AEC}.Debug|x64.Build.0 = Debug|Any CPU
		{A1796567-1F0C-46CD-8859-E31B53466AEC}.Debug|x86.ActiveCfg = Debug|Any CPU
		{A1796567-1F0C-46CD-8859-E31B53466AEC}.Debug|x86.Build.0 = Debug|Any CPU
		{A1796567-1F0C-46CD-8859-E31B53466AEC}.Release|Any CPU.ActiveCfg = Release|Any CPU
		{A1796567-1F0C-46CD-8859-E31B53466AEC}.Release|Any CPU.Build.0 = Release|Any CPU
		{A1796567-1F0C-46CD-8859-E31B53466AEC}.Release|x64.ActiveCfg = Release|Any CPU
		{A1796567-1F0C-46CD-8859-E31B53466AEC}.Release|x64.Build.0 = Release|Any CPU
		{A1796567-1F0C-46CD-8859-E31B53466AEC}.Release|x86.ActiveCfg = Release|Any CPU
		{A1796567-1F0C-46CD-8859-E31B53466AEC}.Release|x86.Build.0 = Release|Any CPU
		{66E29E11-E30F-4D0C-8EC3-DBC2748E5283}.Debug|Any CPU.ActiveCfg = Debug|Any CPU
		{66E29E11-E30F-4D0C-8EC3-DBC2748E5283}.Debug|Any CPU.Build.0 = Debug|Any CPU
		{66E29E11-E30F-4D0C-8EC3-DBC2748E5283}.Debug|x64.ActiveCfg = Debug|Any CPU
		{66E29E11-E30F-4D0C-8EC3-DBC2748E5283}.Debug|x64.Build.0 = Debug|Any CPU
		{66E29E11-E30F-4D0C-8EC3-DBC2748E5283}.Debug|x86.ActiveCfg = Debug|Any CPU
		{66E29E11-E30F-4D0C-8EC3-DBC2748E5283}.Debug|x86.Build.0 = Debug|Any CPU
		{66E29E11-E30F-4D0C-8EC3-DBC2748E5283}.Release|Any CPU.ActiveCfg = Release|Any CPU
		{66E29E11-E30F-4D0C-8EC3-DBC2748E5283}.Release|Any CPU.Build.0 = Release|Any CPU
		{66E29E11-E30F-4D0C-8EC3-DBC2748E5283}.Release|x64.ActiveCfg = Release|Any CPU
		{66E29E11-E30F-4D0C-8EC3-DBC2748E5283}.Release|x64.Build.0 = Release|Any CPU
		{66E29E11-E30F-4D0C-8EC3-DBC2748E5283}.Release|x86.ActiveCfg = Release|Any CPU
		{66E29E11-E30F-4D0C-8EC3-DBC2748E5283}.Release|x86.Build.0 = Release|Any CPU
		{C659F15F-B925-420E-9C0C-DF74EA612E44}.Debug|Any CPU.ActiveCfg = Debug|Any CPU
		{C659F15F-B925-420E-9C0C-DF74EA612E44}.Debug|Any CPU.Build.0 = Debug|Any CPU
		{C659F15F-B925-420E-9C0C-DF74EA612E44}.Debug|x64.ActiveCfg = Debug|Any CPU
		{C659F15F-B925-420E-9C0C-DF74EA612E44}.Debug|x64.Build.0 = Debug|Any CPU
		{C659F15F-B925-420E-9C0C-DF74EA612E44}.Debug|x86.ActiveCfg = Debug|Any CPU
		{C659F15F-B925-420E-9C0C-DF74EA612E44}.Debug|x86.Build.0 = Debug|Any CPU
		{C659F15F-B925-420E-9C0C-DF74EA612E44}.Release|Any CPU.ActiveCfg = Release|Any CPU
		{C659F15F-B925-420E-9C0C-DF74EA612E44}.Release|Any CPU.Build.0 = Release|Any CPU
		{C659F15F-B925-420E-9C0C-DF74EA612E44}.Release|x64.ActiveCfg = Release|Any CPU
		{C659F15F-B925-420E-9C0C-DF74EA612E44}.Release|x64.Build.0 = Release|Any CPU
		{C659F15F-B925-420E-9C0C-DF74EA612E44}.Release|x86.ActiveCfg = Release|Any CPU
		{C659F15F-B925-420E-9C0C-DF74EA612E44}.Release|x86.Build.0 = Release|Any CPU
		{D1308A34-5369-4B18-826F-C541C304ED24}.Debug|Any CPU.ActiveCfg = Debug|Any CPU
		{D1308A34-5369-4B18-826F-C541C304ED24}.Debug|Any CPU.Build.0 = Debug|Any CPU
		{D1308A34-5369-4B18-826F-C541C304ED24}.Debug|x64.ActiveCfg = Debug|Any CPU
		{D1308A34-5369-4B18-826F-C541C304ED24}.Debug|x64.Build.0 = Debug|Any CPU
		{D1308A34-5369-4B18-826F-C541C304ED24}.Debug|x86.ActiveCfg = Debug|Any CPU
		{D1308A34-5369-4B18-826F-C541C304ED24}.Debug|x86.Build.0 = Debug|Any CPU
		{D1308A34-5369-4B18-826F-C541C304ED24}.Release|Any CPU.ActiveCfg = Release|Any CPU
		{D1308A34-5369-4B18-826F-C541C304ED24}.Release|Any CPU.Build.0 = Release|Any CPU
		{D1308A34-5369-4B18-826F-C541C304ED24}.Release|x64.ActiveCfg = Release|Any CPU
		{D1308A34-5369-4B18-826F-C541C304ED24}.Release|x64.Build.0 = Release|Any CPU
		{D1308A34-5369-4B18-826F-C541C304ED24}.Release|x86.ActiveCfg = Release|Any CPU
		{D1308A34-5369-4B18-826F-C541C304ED24}.Release|x86.Build.0 = Release|Any CPU
		{EA3BA1C7-BE1C-46B8-8BB2-88AAB9540916}.Debug|Any CPU.ActiveCfg = Debug|Any CPU
		{EA3BA1C7-BE1C-46B8-8BB2-88AAB9540916}.Debug|Any CPU.Build.0 = Debug|Any CPU
		{EA3BA1C7-BE1C-46B8-8BB2-88AAB9540916}.Debug|x64.ActiveCfg = Debug|Any CPU
		{EA3BA1C7-BE1C-46B8-8BB2-88AAB9540916}.Debug|x64.Build.0 = Debug|Any CPU
		{EA3BA1C7-BE1C-46B8-8BB2-88AAB9540916}.Debug|x86.ActiveCfg = Debug|Any CPU
		{EA3BA1C7-BE1C-46B8-8BB2-88AAB9540916}.Debug|x86.Build.0 = Debug|Any CPU
		{EA3BA1C7-BE1C-46B8-8BB2-88AAB9540916}.Release|Any CPU.ActiveCfg = Release|Any CPU
		{EA3BA1C7-BE1C-46B8-8BB2-88AAB9540916}.Release|Any CPU.Build.0 = Release|Any CPU
		{EA3BA1C7-BE1C-46B8-8BB2-88AAB9540916}.Release|x64.ActiveCfg = Release|Any CPU
		{EA3BA1C7-BE1C-46B8-8BB2-88AAB9540916}.Release|x64.Build.0 = Release|Any CPU
		{EA3BA1C7-BE1C-46B8-8BB2-88AAB9540916}.Release|x86.ActiveCfg = Release|Any CPU
		{EA3BA1C7-BE1C-46B8-8BB2-88AAB9540916}.Release|x86.Build.0 = Release|Any CPU
		{DA99FC7E-D958-4945-8D12-1DD25E2F88EB}.Debug|Any CPU.ActiveCfg = Debug|Any CPU
		{DA99FC7E-D958-4945-8D12-1DD25E2F88EB}.Debug|Any CPU.Build.0 = Debug|Any CPU
		{DA99FC7E-D958-4945-8D12-1DD25E2F88EB}.Debug|x64.ActiveCfg = Debug|Any CPU
		{DA99FC7E-D958-4945-8D12-1DD25E2F88EB}.Debug|x64.Build.0 = Debug|Any CPU
		{DA99FC7E-D958-4945-8D12-1DD25E2F88EB}.Debug|x86.ActiveCfg = Debug|Any CPU
		{DA99FC7E-D958-4945-8D12-1DD25E2F88EB}.Debug|x86.Build.0 = Debug|Any CPU
		{DA99FC7E-D958-4945-8D12-1DD25E2F88EB}.Release|Any CPU.ActiveCfg = Release|Any CPU
		{DA99FC7E-D958-4945-8D12-1DD25E2F88EB}.Release|Any CPU.Build.0 = Release|Any CPU
		{DA99FC7E-D958-4945-8D12-1DD25E2F88EB}.Release|x64.ActiveCfg = Release|Any CPU
		{DA99FC7E-D958-4945-8D12-1DD25E2F88EB}.Release|x64.Build.0 = Release|Any CPU
		{DA99FC7E-D958-4945-8D12-1DD25E2F88EB}.Release|x86.ActiveCfg = Release|Any CPU
		{DA99FC7E-D958-4945-8D12-1DD25E2F88EB}.Release|x86.Build.0 = Release|Any CPU
		{95CD1EE9-9670-4AD6-AC1E-AF8F469D588E}.Debug|Any CPU.ActiveCfg = Debug|Any CPU
		{95CD1EE9-9670-4AD6-AC1E-AF8F469D588E}.Debug|Any CPU.Build.0 = Debug|Any CPU
		{95CD1EE9-9670-4AD6-AC1E-AF8F469D588E}.Debug|x64.ActiveCfg = Debug|Any CPU
		{95CD1EE9-9670-4AD6-AC1E-AF8F469D588E}.Debug|x64.Build.0 = Debug|Any CPU
		{95CD1EE9-9670-4AD6-AC1E-AF8F469D588E}.Debug|x86.ActiveCfg = Debug|Any CPU
		{95CD1EE9-9670-4AD6-AC1E-AF8F469D588E}.Debug|x86.Build.0 = Debug|Any CPU
		{95CD1EE9-9670-4AD6-AC1E-AF8F469D588E}.Release|Any CPU.ActiveCfg = Release|Any CPU
		{95CD1EE9-9670-4AD6-AC1E-AF8F469D588E}.Release|Any CPU.Build.0 = Release|Any CPU
		{95CD1EE9-9670-4AD6-AC1E-AF8F469D588E}.Release|x64.ActiveCfg = Release|Any CPU
		{95CD1EE9-9670-4AD6-AC1E-AF8F469D588E}.Release|x64.Build.0 = Release|Any CPU
		{95CD1EE9-9670-4AD6-AC1E-AF8F469D588E}.Release|x86.ActiveCfg = Release|Any CPU
		{95CD1EE9-9670-4AD6-AC1E-AF8F469D588E}.Release|x86.Build.0 = Release|Any CPU
		{2AA1CAE5-E7DC-4A43-BBFC-1D061453525C}.Debug|Any CPU.ActiveCfg = Debug|Any CPU
		{2AA1CAE5-E7DC-4A43-BBFC-1D061453525C}.Debug|Any CPU.Build.0 = Debug|Any CPU
		{2AA1CAE5-E7DC-4A43-BBFC-1D061453525C}.Debug|x64.ActiveCfg = Debug|Any CPU
		{2AA1CAE5-E7DC-4A43-BBFC-1D061453525C}.Debug|x64.Build.0 = Debug|Any CPU
		{2AA1CAE5-E7DC-4A43-BBFC-1D061453525C}.Debug|x86.ActiveCfg = Debug|Any CPU
		{2AA1CAE5-E7DC-4A43-BBFC-1D061453525C}.Debug|x86.Build.0 = Debug|Any CPU
		{2AA1CAE5-E7DC-4A43-BBFC-1D061453525C}.Release|Any CPU.ActiveCfg = Release|Any CPU
		{2AA1CAE5-E7DC-4A43-BBFC-1D061453525C}.Release|Any CPU.Build.0 = Release|Any CPU
		{2AA1CAE5-E7DC-4A43-BBFC-1D061453525C}.Release|x64.ActiveCfg = Release|Any CPU
		{2AA1CAE5-E7DC-4A43-BBFC-1D061453525C}.Release|x64.Build.0 = Release|Any CPU
		{2AA1CAE5-E7DC-4A43-BBFC-1D061453525C}.Release|x86.ActiveCfg = Release|Any CPU
		{2AA1CAE5-E7DC-4A43-BBFC-1D061453525C}.Release|x86.Build.0 = Release|Any CPU
		{0EB0D2FD-AD2E-4425-90DF-3B1ACE9DAED5}.Debug|Any CPU.ActiveCfg = Debug|Any CPU
		{0EB0D2FD-AD2E-4425-90DF-3B1ACE9DAED5}.Debug|Any CPU.Build.0 = Debug|Any CPU
		{0EB0D2FD-AD2E-4425-90DF-3B1ACE9DAED5}.Debug|x64.ActiveCfg = Debug|Any CPU
		{0EB0D2FD-AD2E-4425-90DF-3B1ACE9DAED5}.Debug|x64.Build.0 = Debug|Any CPU
		{0EB0D2FD-AD2E-4425-90DF-3B1ACE9DAED5}.Debug|x86.ActiveCfg = Debug|Any CPU
		{0EB0D2FD-AD2E-4425-90DF-3B1ACE9DAED5}.Debug|x86.Build.0 = Debug|Any CPU
		{0EB0D2FD-AD2E-4425-90DF-3B1ACE9DAED5}.Release|Any CPU.ActiveCfg = Release|Any CPU
		{0EB0D2FD-AD2E-4425-90DF-3B1ACE9DAED5}.Release|Any CPU.Build.0 = Release|Any CPU
		{0EB0D2FD-AD2E-4425-90DF-3B1ACE9DAED5}.Release|x64.ActiveCfg = Release|Any CPU
		{0EB0D2FD-AD2E-4425-90DF-3B1ACE9DAED5}.Release|x64.Build.0 = Release|Any CPU
		{0EB0D2FD-AD2E-4425-90DF-3B1ACE9DAED5}.Release|x86.ActiveCfg = Release|Any CPU
		{0EB0D2FD-AD2E-4425-90DF-3B1ACE9DAED5}.Release|x86.Build.0 = Release|Any CPU
		{47A5B077-6123-499A-AAAF-456B9F987C75}.Debug|Any CPU.ActiveCfg = Debug|Any CPU
		{47A5B077-6123-499A-AAAF-456B9F987C75}.Debug|Any CPU.Build.0 = Debug|Any CPU
		{47A5B077-6123-499A-AAAF-456B9F987C75}.Debug|x64.ActiveCfg = Debug|Any CPU
		{47A5B077-6123-499A-AAAF-456B9F987C75}.Debug|x64.Build.0 = Debug|Any CPU
		{47A5B077-6123-499A-AAAF-456B9F987C75}.Debug|x86.ActiveCfg = Debug|Any CPU
		{47A5B077-6123-499A-AAAF-456B9F987C75}.Debug|x86.Build.0 = Debug|Any CPU
		{47A5B077-6123-499A-AAAF-456B9F987C75}.Release|Any CPU.ActiveCfg = Release|Any CPU
		{47A5B077-6123-499A-AAAF-456B9F987C75}.Release|Any CPU.Build.0 = Release|Any CPU
		{47A5B077-6123-499A-AAAF-456B9F987C75}.Release|x64.ActiveCfg = Release|Any CPU
		{47A5B077-6123-499A-AAAF-456B9F987C75}.Release|x64.Build.0 = Release|Any CPU
		{47A5B077-6123-499A-AAAF-456B9F987C75}.Release|x86.ActiveCfg = Release|Any CPU
		{47A5B077-6123-499A-AAAF-456B9F987C75}.Release|x86.Build.0 = Release|Any CPU
		{0957173C-2769-41E5-A1C6-3CE26EBBF31E}.Debug|Any CPU.ActiveCfg = Debug|Any CPU
		{0957173C-2769-41E5-A1C6-3CE26EBBF31E}.Debug|Any CPU.Build.0 = Debug|Any CPU
		{0957173C-2769-41E5-A1C6-3CE26EBBF31E}.Debug|x64.ActiveCfg = Debug|Any CPU
		{0957173C-2769-41E5-A1C6-3CE26EBBF31E}.Debug|x64.Build.0 = Debug|Any CPU
		{0957173C-2769-41E5-A1C6-3CE26EBBF31E}.Debug|x86.ActiveCfg = Debug|Any CPU
		{0957173C-2769-41E5-A1C6-3CE26EBBF31E}.Debug|x86.Build.0 = Debug|Any CPU
		{0957173C-2769-41E5-A1C6-3CE26EBBF31E}.Release|Any CPU.ActiveCfg = Release|Any CPU
		{0957173C-2769-41E5-A1C6-3CE26EBBF31E}.Release|Any CPU.Build.0 = Release|Any CPU
		{0957173C-2769-41E5-A1C6-3CE26EBBF31E}.Release|x64.ActiveCfg = Release|Any CPU
		{0957173C-2769-41E5-A1C6-3CE26EBBF31E}.Release|x64.Build.0 = Release|Any CPU
		{0957173C-2769-41E5-A1C6-3CE26EBBF31E}.Release|x86.ActiveCfg = Release|Any CPU
		{0957173C-2769-41E5-A1C6-3CE26EBBF31E}.Release|x86.Build.0 = Release|Any CPU
		{ADAE98FD-7FAB-4321-A6DA-BFC74C053D5A}.Debug|Any CPU.ActiveCfg = Debug|Any CPU
		{ADAE98FD-7FAB-4321-A6DA-BFC74C053D5A}.Debug|Any CPU.Build.0 = Debug|Any CPU
		{ADAE98FD-7FAB-4321-A6DA-BFC74C053D5A}.Debug|x64.ActiveCfg = Debug|Any CPU
		{ADAE98FD-7FAB-4321-A6DA-BFC74C053D5A}.Debug|x64.Build.0 = Debug|Any CPU
		{ADAE98FD-7FAB-4321-A6DA-BFC74C053D5A}.Debug|x86.ActiveCfg = Debug|Any CPU
		{ADAE98FD-7FAB-4321-A6DA-BFC74C053D5A}.Debug|x86.Build.0 = Debug|Any CPU
		{ADAE98FD-7FAB-4321-A6DA-BFC74C053D5A}.Release|Any CPU.ActiveCfg = Release|Any CPU
		{ADAE98FD-7FAB-4321-A6DA-BFC74C053D5A}.Release|Any CPU.Build.0 = Release|Any CPU
		{ADAE98FD-7FAB-4321-A6DA-BFC74C053D5A}.Release|x64.ActiveCfg = Release|Any CPU
		{ADAE98FD-7FAB-4321-A6DA-BFC74C053D5A}.Release|x64.Build.0 = Release|Any CPU
		{ADAE98FD-7FAB-4321-A6DA-BFC74C053D5A}.Release|x86.ActiveCfg = Release|Any CPU
		{ADAE98FD-7FAB-4321-A6DA-BFC74C053D5A}.Release|x86.Build.0 = Release|Any CPU
		{42B997F9-0D95-4DB0-ACB4-6FE6B242A434}.Debug|Any CPU.ActiveCfg = Debug|Any CPU
		{42B997F9-0D95-4DB0-ACB4-6FE6B242A434}.Debug|Any CPU.Build.0 = Debug|Any CPU
		{42B997F9-0D95-4DB0-ACB4-6FE6B242A434}.Debug|x64.ActiveCfg = Debug|Any CPU
		{42B997F9-0D95-4DB0-ACB4-6FE6B242A434}.Debug|x64.Build.0 = Debug|Any CPU
		{42B997F9-0D95-4DB0-ACB4-6FE6B242A434}.Debug|x86.ActiveCfg = Debug|Any CPU
		{42B997F9-0D95-4DB0-ACB4-6FE6B242A434}.Debug|x86.Build.0 = Debug|Any CPU
		{42B997F9-0D95-4DB0-ACB4-6FE6B242A434}.Release|Any CPU.ActiveCfg = Release|Any CPU
		{42B997F9-0D95-4DB0-ACB4-6FE6B242A434}.Release|Any CPU.Build.0 = Release|Any CPU
		{42B997F9-0D95-4DB0-ACB4-6FE6B242A434}.Release|x64.ActiveCfg = Release|Any CPU
		{42B997F9-0D95-4DB0-ACB4-6FE6B242A434}.Release|x64.Build.0 = Release|Any CPU
		{42B997F9-0D95-4DB0-ACB4-6FE6B242A434}.Release|x86.ActiveCfg = Release|Any CPU
		{42B997F9-0D95-4DB0-ACB4-6FE6B242A434}.Release|x86.Build.0 = Release|Any CPU
		{A7D8483B-ECD5-42B8-9D19-7BCE7543E16D}.Debug|Any CPU.ActiveCfg = Debug|Any CPU
		{A7D8483B-ECD5-42B8-9D19-7BCE7543E16D}.Debug|Any CPU.Build.0 = Debug|Any CPU
		{A7D8483B-ECD5-42B8-9D19-7BCE7543E16D}.Debug|x64.ActiveCfg = Debug|Any CPU
		{A7D8483B-ECD5-42B8-9D19-7BCE7543E16D}.Debug|x64.Build.0 = Debug|Any CPU
		{A7D8483B-ECD5-42B8-9D19-7BCE7543E16D}.Debug|x86.ActiveCfg = Debug|Any CPU
		{A7D8483B-ECD5-42B8-9D19-7BCE7543E16D}.Debug|x86.Build.0 = Debug|Any CPU
		{A7D8483B-ECD5-42B8-9D19-7BCE7543E16D}.Release|Any CPU.ActiveCfg = Release|Any CPU
		{A7D8483B-ECD5-42B8-9D19-7BCE7543E16D}.Release|Any CPU.Build.0 = Release|Any CPU
		{A7D8483B-ECD5-42B8-9D19-7BCE7543E16D}.Release|x64.ActiveCfg = Release|Any CPU
		{A7D8483B-ECD5-42B8-9D19-7BCE7543E16D}.Release|x64.Build.0 = Release|Any CPU
		{A7D8483B-ECD5-42B8-9D19-7BCE7543E16D}.Release|x86.ActiveCfg = Release|Any CPU
		{A7D8483B-ECD5-42B8-9D19-7BCE7543E16D}.Release|x86.Build.0 = Release|Any CPU
		{DD3773A4-EEA2-46B4-BD46-35CC4AC9D539}.Debug|Any CPU.ActiveCfg = Debug|Any CPU
		{DD3773A4-EEA2-46B4-BD46-35CC4AC9D539}.Debug|Any CPU.Build.0 = Debug|Any CPU
		{DD3773A4-EEA2-46B4-BD46-35CC4AC9D539}.Debug|x64.ActiveCfg = Debug|Any CPU
		{DD3773A4-EEA2-46B4-BD46-35CC4AC9D539}.Debug|x64.Build.0 = Debug|Any CPU
		{DD3773A4-EEA2-46B4-BD46-35CC4AC9D539}.Debug|x86.ActiveCfg = Debug|Any CPU
		{DD3773A4-EEA2-46B4-BD46-35CC4AC9D539}.Debug|x86.Build.0 = Debug|Any CPU
		{DD3773A4-EEA2-46B4-BD46-35CC4AC9D539}.Release|Any CPU.ActiveCfg = Release|Any CPU
		{DD3773A4-EEA2-46B4-BD46-35CC4AC9D539}.Release|Any CPU.Build.0 = Release|Any CPU
		{DD3773A4-EEA2-46B4-BD46-35CC4AC9D539}.Release|x64.ActiveCfg = Release|Any CPU
		{DD3773A4-EEA2-46B4-BD46-35CC4AC9D539}.Release|x64.Build.0 = Release|Any CPU
		{DD3773A4-EEA2-46B4-BD46-35CC4AC9D539}.Release|x86.ActiveCfg = Release|Any CPU
		{DD3773A4-EEA2-46B4-BD46-35CC4AC9D539}.Release|x86.Build.0 = Release|Any CPU
		{B8E5EF28-99AB-4C8D-A4DF-38DA77445C38}.Debug|Any CPU.ActiveCfg = Debug|Any CPU
		{B8E5EF28-99AB-4C8D-A4DF-38DA77445C38}.Debug|Any CPU.Build.0 = Debug|Any CPU
		{B8E5EF28-99AB-4C8D-A4DF-38DA77445C38}.Debug|x64.ActiveCfg = Debug|Any CPU
		{B8E5EF28-99AB-4C8D-A4DF-38DA77445C38}.Debug|x64.Build.0 = Debug|Any CPU
		{B8E5EF28-99AB-4C8D-A4DF-38DA77445C38}.Debug|x86.ActiveCfg = Debug|Any CPU
		{B8E5EF28-99AB-4C8D-A4DF-38DA77445C38}.Debug|x86.Build.0 = Debug|Any CPU
		{B8E5EF28-99AB-4C8D-A4DF-38DA77445C38}.Release|Any CPU.ActiveCfg = Release|Any CPU
		{B8E5EF28-99AB-4C8D-A4DF-38DA77445C38}.Release|Any CPU.Build.0 = Release|Any CPU
		{B8E5EF28-99AB-4C8D-A4DF-38DA77445C38}.Release|x64.ActiveCfg = Release|Any CPU
		{B8E5EF28-99AB-4C8D-A4DF-38DA77445C38}.Release|x64.Build.0 = Release|Any CPU
		{B8E5EF28-99AB-4C8D-A4DF-38DA77445C38}.Release|x86.ActiveCfg = Release|Any CPU
		{B8E5EF28-99AB-4C8D-A4DF-38DA77445C38}.Release|x86.Build.0 = Release|Any CPU
		{D022E738-7965-484A-9222-96E956C47497}.Debug|Any CPU.ActiveCfg = Debug|Any CPU
		{D022E738-7965-484A-9222-96E956C47497}.Debug|Any CPU.Build.0 = Debug|Any CPU
		{D022E738-7965-484A-9222-96E956C47497}.Debug|x64.ActiveCfg = Debug|Any CPU
		{D022E738-7965-484A-9222-96E956C47497}.Debug|x64.Build.0 = Debug|Any CPU
		{D022E738-7965-484A-9222-96E956C47497}.Debug|x86.ActiveCfg = Debug|Any CPU
		{D022E738-7965-484A-9222-96E956C47497}.Debug|x86.Build.0 = Debug|Any CPU
		{D022E738-7965-484A-9222-96E956C47497}.Release|Any CPU.ActiveCfg = Release|Any CPU
		{D022E738-7965-484A-9222-96E956C47497}.Release|Any CPU.Build.0 = Release|Any CPU
		{D022E738-7965-484A-9222-96E956C47497}.Release|x64.ActiveCfg = Release|Any CPU
		{D022E738-7965-484A-9222-96E956C47497}.Release|x64.Build.0 = Release|Any CPU
		{D022E738-7965-484A-9222-96E956C47497}.Release|x86.ActiveCfg = Release|Any CPU
		{D022E738-7965-484A-9222-96E956C47497}.Release|x86.Build.0 = Release|Any CPU
		{A0363047-CF5B-4154-A3C5-9C28FECB53FE}.Debug|Any CPU.ActiveCfg = Debug|Any CPU
		{A0363047-CF5B-4154-A3C5-9C28FECB53FE}.Debug|Any CPU.Build.0 = Debug|Any CPU
		{A0363047-CF5B-4154-A3C5-9C28FECB53FE}.Debug|x64.ActiveCfg = Debug|Any CPU
		{A0363047-CF5B-4154-A3C5-9C28FECB53FE}.Debug|x64.Build.0 = Debug|Any CPU
		{A0363047-CF5B-4154-A3C5-9C28FECB53FE}.Debug|x86.ActiveCfg = Debug|Any CPU
		{A0363047-CF5B-4154-A3C5-9C28FECB53FE}.Debug|x86.Build.0 = Debug|Any CPU
		{A0363047-CF5B-4154-A3C5-9C28FECB53FE}.Release|Any CPU.ActiveCfg = Release|Any CPU
		{A0363047-CF5B-4154-A3C5-9C28FECB53FE}.Release|Any CPU.Build.0 = Release|Any CPU
		{A0363047-CF5B-4154-A3C5-9C28FECB53FE}.Release|x64.ActiveCfg = Release|Any CPU
		{A0363047-CF5B-4154-A3C5-9C28FECB53FE}.Release|x64.Build.0 = Release|Any CPU
		{A0363047-CF5B-4154-A3C5-9C28FECB53FE}.Release|x86.ActiveCfg = Release|Any CPU
		{A0363047-CF5B-4154-A3C5-9C28FECB53FE}.Release|x86.Build.0 = Release|Any CPU
		{02C69615-34F8-4A61-AF11-75EE9D3BEBFC}.Debug|Any CPU.ActiveCfg = Debug|Any CPU
		{02C69615-34F8-4A61-AF11-75EE9D3BEBFC}.Debug|Any CPU.Build.0 = Debug|Any CPU
		{02C69615-34F8-4A61-AF11-75EE9D3BEBFC}.Debug|x64.ActiveCfg = Debug|Any CPU
		{02C69615-34F8-4A61-AF11-75EE9D3BEBFC}.Debug|x64.Build.0 = Debug|Any CPU
		{02C69615-34F8-4A61-AF11-75EE9D3BEBFC}.Debug|x86.ActiveCfg = Debug|Any CPU
		{02C69615-34F8-4A61-AF11-75EE9D3BEBFC}.Debug|x86.Build.0 = Debug|Any CPU
		{02C69615-34F8-4A61-AF11-75EE9D3BEBFC}.Release|Any CPU.ActiveCfg = Release|Any CPU
		{02C69615-34F8-4A61-AF11-75EE9D3BEBFC}.Release|Any CPU.Build.0 = Release|Any CPU
		{02C69615-34F8-4A61-AF11-75EE9D3BEBFC}.Release|x64.ActiveCfg = Release|Any CPU
		{02C69615-34F8-4A61-AF11-75EE9D3BEBFC}.Release|x64.Build.0 = Release|Any CPU
		{02C69615-34F8-4A61-AF11-75EE9D3BEBFC}.Release|x86.ActiveCfg = Release|Any CPU
		{02C69615-34F8-4A61-AF11-75EE9D3BEBFC}.Release|x86.Build.0 = Release|Any CPU
		{051414FD-EF37-4B8A-AB08-AA6E0C66F1A5}.Debug|Any CPU.ActiveCfg = Debug|Any CPU
		{051414FD-EF37-4B8A-AB08-AA6E0C66F1A5}.Debug|Any CPU.Build.0 = Debug|Any CPU
		{051414FD-EF37-4B8A-AB08-AA6E0C66F1A5}.Debug|x64.ActiveCfg = Debug|Any CPU
		{051414FD-EF37-4B8A-AB08-AA6E0C66F1A5}.Debug|x64.Build.0 = Debug|Any CPU
		{051414FD-EF37-4B8A-AB08-AA6E0C66F1A5}.Debug|x86.ActiveCfg = Debug|Any CPU
		{051414FD-EF37-4B8A-AB08-AA6E0C66F1A5}.Debug|x86.Build.0 = Debug|Any CPU
		{051414FD-EF37-4B8A-AB08-AA6E0C66F1A5}.Release|Any CPU.ActiveCfg = Release|Any CPU
		{051414FD-EF37-4B8A-AB08-AA6E0C66F1A5}.Release|Any CPU.Build.0 = Release|Any CPU
		{051414FD-EF37-4B8A-AB08-AA6E0C66F1A5}.Release|x64.ActiveCfg = Release|Any CPU
		{051414FD-EF37-4B8A-AB08-AA6E0C66F1A5}.Release|x64.Build.0 = Release|Any CPU
		{051414FD-EF37-4B8A-AB08-AA6E0C66F1A5}.Release|x86.ActiveCfg = Release|Any CPU
		{051414FD-EF37-4B8A-AB08-AA6E0C66F1A5}.Release|x86.Build.0 = Release|Any CPU
		{88475892-228E-4CE1-A87B-11BFFD57659B}.Debug|Any CPU.ActiveCfg = Debug|Any CPU
		{88475892-228E-4CE1-A87B-11BFFD57659B}.Debug|Any CPU.Build.0 = Debug|Any CPU
		{88475892-228E-4CE1-A87B-11BFFD57659B}.Debug|x64.ActiveCfg = Debug|Any CPU
		{88475892-228E-4CE1-A87B-11BFFD57659B}.Debug|x64.Build.0 = Debug|Any CPU
		{88475892-228E-4CE1-A87B-11BFFD57659B}.Debug|x86.ActiveCfg = Debug|Any CPU
		{88475892-228E-4CE1-A87B-11BFFD57659B}.Debug|x86.Build.0 = Debug|Any CPU
		{88475892-228E-4CE1-A87B-11BFFD57659B}.Release|Any CPU.ActiveCfg = Release|Any CPU
		{88475892-228E-4CE1-A87B-11BFFD57659B}.Release|Any CPU.Build.0 = Release|Any CPU
		{88475892-228E-4CE1-A87B-11BFFD57659B}.Release|x64.ActiveCfg = Release|Any CPU
		{88475892-228E-4CE1-A87B-11BFFD57659B}.Release|x64.Build.0 = Release|Any CPU
		{88475892-228E-4CE1-A87B-11BFFD57659B}.Release|x86.ActiveCfg = Release|Any CPU
		{88475892-228E-4CE1-A87B-11BFFD57659B}.Release|x86.Build.0 = Release|Any CPU
		{2B1F5BF5-2EA0-4A48-A6F0-0F74CCF12263}.Debug|Any CPU.ActiveCfg = Debug|Any CPU
		{2B1F5BF5-2EA0-4A48-A6F0-0F74CCF12263}.Debug|Any CPU.Build.0 = Debug|Any CPU
		{2B1F5BF5-2EA0-4A48-A6F0-0F74CCF12263}.Debug|x64.ActiveCfg = Debug|Any CPU
		{2B1F5BF5-2EA0-4A48-A6F0-0F74CCF12263}.Debug|x64.Build.0 = Debug|Any CPU
		{2B1F5BF5-2EA0-4A48-A6F0-0F74CCF12263}.Debug|x86.ActiveCfg = Debug|Any CPU
		{2B1F5BF5-2EA0-4A48-A6F0-0F74CCF12263}.Debug|x86.Build.0 = Debug|Any CPU
		{2B1F5BF5-2EA0-4A48-A6F0-0F74CCF12263}.Release|Any CPU.ActiveCfg = Release|Any CPU
		{2B1F5BF5-2EA0-4A48-A6F0-0F74CCF12263}.Release|Any CPU.Build.0 = Release|Any CPU
		{2B1F5BF5-2EA0-4A48-A6F0-0F74CCF12263}.Release|x64.ActiveCfg = Release|Any CPU
		{2B1F5BF5-2EA0-4A48-A6F0-0F74CCF12263}.Release|x64.Build.0 = Release|Any CPU
		{2B1F5BF5-2EA0-4A48-A6F0-0F74CCF12263}.Release|x86.ActiveCfg = Release|Any CPU
		{2B1F5BF5-2EA0-4A48-A6F0-0F74CCF12263}.Release|x86.Build.0 = Release|Any CPU
		{60A1B318-E874-4C01-8C8B-082FE1289FCC}.Debug|Any CPU.ActiveCfg = Debug|Any CPU
		{60A1B318-E874-4C01-8C8B-082FE1289FCC}.Debug|Any CPU.Build.0 = Debug|Any CPU
		{60A1B318-E874-4C01-8C8B-082FE1289FCC}.Debug|x64.ActiveCfg = Debug|Any CPU
		{60A1B318-E874-4C01-8C8B-082FE1289FCC}.Debug|x64.Build.0 = Debug|Any CPU
		{60A1B318-E874-4C01-8C8B-082FE1289FCC}.Debug|x86.ActiveCfg = Debug|Any CPU
		{60A1B318-E874-4C01-8C8B-082FE1289FCC}.Debug|x86.Build.0 = Debug|Any CPU
		{60A1B318-E874-4C01-8C8B-082FE1289FCC}.Release|Any CPU.ActiveCfg = Release|Any CPU
		{60A1B318-E874-4C01-8C8B-082FE1289FCC}.Release|Any CPU.Build.0 = Release|Any CPU
		{60A1B318-E874-4C01-8C8B-082FE1289FCC}.Release|x64.ActiveCfg = Release|Any CPU
		{60A1B318-E874-4C01-8C8B-082FE1289FCC}.Release|x64.Build.0 = Release|Any CPU
		{60A1B318-E874-4C01-8C8B-082FE1289FCC}.Release|x86.ActiveCfg = Release|Any CPU
		{60A1B318-E874-4C01-8C8B-082FE1289FCC}.Release|x86.Build.0 = Release|Any CPU
		{D591DD68-F4B4-4BBD-AA57-9B478D21478E}.Debug|Any CPU.ActiveCfg = Debug|Any CPU
		{D591DD68-F4B4-4BBD-AA57-9B478D21478E}.Debug|Any CPU.Build.0 = Debug|Any CPU
		{D591DD68-F4B4-4BBD-AA57-9B478D21478E}.Debug|x64.ActiveCfg = Debug|Any CPU
		{D591DD68-F4B4-4BBD-AA57-9B478D21478E}.Debug|x64.Build.0 = Debug|Any CPU
		{D591DD68-F4B4-4BBD-AA57-9B478D21478E}.Debug|x86.ActiveCfg = Debug|Any CPU
		{D591DD68-F4B4-4BBD-AA57-9B478D21478E}.Debug|x86.Build.0 = Debug|Any CPU
		{D591DD68-F4B4-4BBD-AA57-9B478D21478E}.Release|Any CPU.ActiveCfg = Release|Any CPU
		{D591DD68-F4B4-4BBD-AA57-9B478D21478E}.Release|Any CPU.Build.0 = Release|Any CPU
		{D591DD68-F4B4-4BBD-AA57-9B478D21478E}.Release|x64.ActiveCfg = Release|Any CPU
		{D591DD68-F4B4-4BBD-AA57-9B478D21478E}.Release|x64.Build.0 = Release|Any CPU
		{D591DD68-F4B4-4BBD-AA57-9B478D21478E}.Release|x86.ActiveCfg = Release|Any CPU
		{D591DD68-F4B4-4BBD-AA57-9B478D21478E}.Release|x86.Build.0 = Release|Any CPU
		{CD8D041A-F698-491C-A5E0-8AD26CE87E51}.Debug|Any CPU.ActiveCfg = Debug|Any CPU
		{CD8D041A-F698-491C-A5E0-8AD26CE87E51}.Debug|Any CPU.Build.0 = Debug|Any CPU
		{CD8D041A-F698-491C-A5E0-8AD26CE87E51}.Debug|x64.ActiveCfg = Debug|Any CPU
		{CD8D041A-F698-491C-A5E0-8AD26CE87E51}.Debug|x64.Build.0 = Debug|Any CPU
		{CD8D041A-F698-491C-A5E0-8AD26CE87E51}.Debug|x86.ActiveCfg = Debug|Any CPU
		{CD8D041A-F698-491C-A5E0-8AD26CE87E51}.Debug|x86.Build.0 = Debug|Any CPU
		{CD8D041A-F698-491C-A5E0-8AD26CE87E51}.Release|Any CPU.ActiveCfg = Release|Any CPU
		{CD8D041A-F698-491C-A5E0-8AD26CE87E51}.Release|Any CPU.Build.0 = Release|Any CPU
		{CD8D041A-F698-491C-A5E0-8AD26CE87E51}.Release|x64.ActiveCfg = Release|Any CPU
		{CD8D041A-F698-491C-A5E0-8AD26CE87E51}.Release|x64.Build.0 = Release|Any CPU
		{CD8D041A-F698-491C-A5E0-8AD26CE87E51}.Release|x86.ActiveCfg = Release|Any CPU
		{CD8D041A-F698-491C-A5E0-8AD26CE87E51}.Release|x86.Build.0 = Release|Any CPU
		{B7E678CA-4B64-40E7-89D6-E4A43159E282}.Debug|Any CPU.ActiveCfg = Debug|Any CPU
		{B7E678CA-4B64-40E7-89D6-E4A43159E282}.Debug|Any CPU.Build.0 = Debug|Any CPU
		{B7E678CA-4B64-40E7-89D6-E4A43159E282}.Debug|x64.ActiveCfg = Debug|Any CPU
		{B7E678CA-4B64-40E7-89D6-E4A43159E282}.Debug|x64.Build.0 = Debug|Any CPU
		{B7E678CA-4B64-40E7-89D6-E4A43159E282}.Debug|x86.ActiveCfg = Debug|Any CPU
		{B7E678CA-4B64-40E7-89D6-E4A43159E282}.Debug|x86.Build.0 = Debug|Any CPU
		{B7E678CA-4B64-40E7-89D6-E4A43159E282}.Release|Any CPU.ActiveCfg = Release|Any CPU
		{B7E678CA-4B64-40E7-89D6-E4A43159E282}.Release|Any CPU.Build.0 = Release|Any CPU
		{B7E678CA-4B64-40E7-89D6-E4A43159E282}.Release|x64.ActiveCfg = Release|Any CPU
		{B7E678CA-4B64-40E7-89D6-E4A43159E282}.Release|x64.Build.0 = Release|Any CPU
		{B7E678CA-4B64-40E7-89D6-E4A43159E282}.Release|x86.ActiveCfg = Release|Any CPU
		{B7E678CA-4B64-40E7-89D6-E4A43159E282}.Release|x86.Build.0 = Release|Any CPU
		{081AD6F2-7F9A-415F-873D-1BD27BE11706}.Debug|Any CPU.ActiveCfg = Debug|Any CPU
		{081AD6F2-7F9A-415F-873D-1BD27BE11706}.Debug|Any CPU.Build.0 = Debug|Any CPU
		{081AD6F2-7F9A-415F-873D-1BD27BE11706}.Debug|x64.ActiveCfg = Debug|Any CPU
		{081AD6F2-7F9A-415F-873D-1BD27BE11706}.Debug|x64.Build.0 = Debug|Any CPU
		{081AD6F2-7F9A-415F-873D-1BD27BE11706}.Debug|x86.ActiveCfg = Debug|Any CPU
		{081AD6F2-7F9A-415F-873D-1BD27BE11706}.Debug|x86.Build.0 = Debug|Any CPU
		{081AD6F2-7F9A-415F-873D-1BD27BE11706}.Release|Any CPU.ActiveCfg = Release|Any CPU
		{081AD6F2-7F9A-415F-873D-1BD27BE11706}.Release|Any CPU.Build.0 = Release|Any CPU
		{081AD6F2-7F9A-415F-873D-1BD27BE11706}.Release|x64.ActiveCfg = Release|Any CPU
		{081AD6F2-7F9A-415F-873D-1BD27BE11706}.Release|x64.Build.0 = Release|Any CPU
		{081AD6F2-7F9A-415F-873D-1BD27BE11706}.Release|x86.ActiveCfg = Release|Any CPU
		{081AD6F2-7F9A-415F-873D-1BD27BE11706}.Release|x86.Build.0 = Release|Any CPU
		{81AB520A-89C3-4F99-8A99-ED03192C9408}.Debug|Any CPU.ActiveCfg = Debug|Any CPU
		{81AB520A-89C3-4F99-8A99-ED03192C9408}.Debug|Any CPU.Build.0 = Debug|Any CPU
		{81AB520A-89C3-4F99-8A99-ED03192C9408}.Debug|x64.ActiveCfg = Debug|Any CPU
		{81AB520A-89C3-4F99-8A99-ED03192C9408}.Debug|x64.Build.0 = Debug|Any CPU
		{81AB520A-89C3-4F99-8A99-ED03192C9408}.Debug|x86.ActiveCfg = Debug|Any CPU
		{81AB520A-89C3-4F99-8A99-ED03192C9408}.Debug|x86.Build.0 = Debug|Any CPU
		{81AB520A-89C3-4F99-8A99-ED03192C9408}.Release|Any CPU.ActiveCfg = Release|Any CPU
		{81AB520A-89C3-4F99-8A99-ED03192C9408}.Release|Any CPU.Build.0 = Release|Any CPU
		{81AB520A-89C3-4F99-8A99-ED03192C9408}.Release|x64.ActiveCfg = Release|Any CPU
		{81AB520A-89C3-4F99-8A99-ED03192C9408}.Release|x64.Build.0 = Release|Any CPU
		{81AB520A-89C3-4F99-8A99-ED03192C9408}.Release|x86.ActiveCfg = Release|Any CPU
		{81AB520A-89C3-4F99-8A99-ED03192C9408}.Release|x86.Build.0 = Release|Any CPU
		{724946A8-B50A-4500-89AB-CBD256F16B75}.Debug|Any CPU.ActiveCfg = Debug|Any CPU
		{724946A8-B50A-4500-89AB-CBD256F16B75}.Debug|Any CPU.Build.0 = Debug|Any CPU
		{724946A8-B50A-4500-89AB-CBD256F16B75}.Debug|x64.ActiveCfg = Debug|Any CPU
		{724946A8-B50A-4500-89AB-CBD256F16B75}.Debug|x64.Build.0 = Debug|Any CPU
		{724946A8-B50A-4500-89AB-CBD256F16B75}.Debug|x86.ActiveCfg = Debug|Any CPU
		{724946A8-B50A-4500-89AB-CBD256F16B75}.Debug|x86.Build.0 = Debug|Any CPU
		{724946A8-B50A-4500-89AB-CBD256F16B75}.Release|Any CPU.ActiveCfg = Release|Any CPU
		{724946A8-B50A-4500-89AB-CBD256F16B75}.Release|Any CPU.Build.0 = Release|Any CPU
		{724946A8-B50A-4500-89AB-CBD256F16B75}.Release|x64.ActiveCfg = Release|Any CPU
		{724946A8-B50A-4500-89AB-CBD256F16B75}.Release|x64.Build.0 = Release|Any CPU
		{724946A8-B50A-4500-89AB-CBD256F16B75}.Release|x86.ActiveCfg = Release|Any CPU
		{724946A8-B50A-4500-89AB-CBD256F16B75}.Release|x86.Build.0 = Release|Any CPU
		{E5CAAB39-4945-461F-8EE8-0A35F4C4CDB4}.Debug|Any CPU.ActiveCfg = Debug|Any CPU
		{E5CAAB39-4945-461F-8EE8-0A35F4C4CDB4}.Debug|Any CPU.Build.0 = Debug|Any CPU
		{E5CAAB39-4945-461F-8EE8-0A35F4C4CDB4}.Debug|x64.ActiveCfg = Debug|Any CPU
		{E5CAAB39-4945-461F-8EE8-0A35F4C4CDB4}.Debug|x64.Build.0 = Debug|Any CPU
		{E5CAAB39-4945-461F-8EE8-0A35F4C4CDB4}.Debug|x86.ActiveCfg = Debug|Any CPU
		{E5CAAB39-4945-461F-8EE8-0A35F4C4CDB4}.Debug|x86.Build.0 = Debug|Any CPU
		{E5CAAB39-4945-461F-8EE8-0A35F4C4CDB4}.Release|Any CPU.ActiveCfg = Release|Any CPU
		{E5CAAB39-4945-461F-8EE8-0A35F4C4CDB4}.Release|Any CPU.Build.0 = Release|Any CPU
		{E5CAAB39-4945-461F-8EE8-0A35F4C4CDB4}.Release|x64.ActiveCfg = Release|Any CPU
		{E5CAAB39-4945-461F-8EE8-0A35F4C4CDB4}.Release|x64.Build.0 = Release|Any CPU
		{E5CAAB39-4945-461F-8EE8-0A35F4C4CDB4}.Release|x86.ActiveCfg = Release|Any CPU
		{E5CAAB39-4945-461F-8EE8-0A35F4C4CDB4}.Release|x86.Build.0 = Release|Any CPU
		{3465026F-31E9-4D66-90DA-8B68BB0EE1F8}.Debug|Any CPU.ActiveCfg = Debug|Any CPU
		{3465026F-31E9-4D66-90DA-8B68BB0EE1F8}.Debug|Any CPU.Build.0 = Debug|Any CPU
		{3465026F-31E9-4D66-90DA-8B68BB0EE1F8}.Debug|x64.ActiveCfg = Debug|Any CPU
		{3465026F-31E9-4D66-90DA-8B68BB0EE1F8}.Debug|x64.Build.0 = Debug|Any CPU
		{3465026F-31E9-4D66-90DA-8B68BB0EE1F8}.Debug|x86.ActiveCfg = Debug|Any CPU
		{3465026F-31E9-4D66-90DA-8B68BB0EE1F8}.Debug|x86.Build.0 = Debug|Any CPU
		{3465026F-31E9-4D66-90DA-8B68BB0EE1F8}.Release|Any CPU.ActiveCfg = Release|Any CPU
		{3465026F-31E9-4D66-90DA-8B68BB0EE1F8}.Release|Any CPU.Build.0 = Release|Any CPU
		{3465026F-31E9-4D66-90DA-8B68BB0EE1F8}.Release|x64.ActiveCfg = Release|Any CPU
		{3465026F-31E9-4D66-90DA-8B68BB0EE1F8}.Release|x64.Build.0 = Release|Any CPU
		{3465026F-31E9-4D66-90DA-8B68BB0EE1F8}.Release|x86.ActiveCfg = Release|Any CPU
		{3465026F-31E9-4D66-90DA-8B68BB0EE1F8}.Release|x86.Build.0 = Release|Any CPU
		{844078F3-BC99-46E8-B83F-505998AC517D}.Debug|Any CPU.ActiveCfg = Debug|Any CPU
		{844078F3-BC99-46E8-B83F-505998AC517D}.Debug|Any CPU.Build.0 = Debug|Any CPU
		{844078F3-BC99-46E8-B83F-505998AC517D}.Debug|x64.ActiveCfg = Debug|Any CPU
		{844078F3-BC99-46E8-B83F-505998AC517D}.Debug|x64.Build.0 = Debug|Any CPU
		{844078F3-BC99-46E8-B83F-505998AC517D}.Debug|x86.ActiveCfg = Debug|Any CPU
		{844078F3-BC99-46E8-B83F-505998AC517D}.Debug|x86.Build.0 = Debug|Any CPU
		{844078F3-BC99-46E8-B83F-505998AC517D}.Release|Any CPU.ActiveCfg = Release|Any CPU
		{844078F3-BC99-46E8-B83F-505998AC517D}.Release|Any CPU.Build.0 = Release|Any CPU
		{844078F3-BC99-46E8-B83F-505998AC517D}.Release|x64.ActiveCfg = Release|Any CPU
		{844078F3-BC99-46E8-B83F-505998AC517D}.Release|x64.Build.0 = Release|Any CPU
		{844078F3-BC99-46E8-B83F-505998AC517D}.Release|x86.ActiveCfg = Release|Any CPU
		{844078F3-BC99-46E8-B83F-505998AC517D}.Release|x86.Build.0 = Release|Any CPU
		{18B0B2B2-0C7F-47FD-A676-8DF5FF2BC770}.Debug|Any CPU.ActiveCfg = Debug|Any CPU
		{18B0B2B2-0C7F-47FD-A676-8DF5FF2BC770}.Debug|Any CPU.Build.0 = Debug|Any CPU
		{18B0B2B2-0C7F-47FD-A676-8DF5FF2BC770}.Debug|x64.ActiveCfg = Debug|Any CPU
		{18B0B2B2-0C7F-47FD-A676-8DF5FF2BC770}.Debug|x64.Build.0 = Debug|Any CPU
		{18B0B2B2-0C7F-47FD-A676-8DF5FF2BC770}.Debug|x86.ActiveCfg = Debug|Any CPU
		{18B0B2B2-0C7F-47FD-A676-8DF5FF2BC770}.Debug|x86.Build.0 = Debug|Any CPU
		{18B0B2B2-0C7F-47FD-A676-8DF5FF2BC770}.Release|Any CPU.ActiveCfg = Release|Any CPU
		{18B0B2B2-0C7F-47FD-A676-8DF5FF2BC770}.Release|Any CPU.Build.0 = Release|Any CPU
		{18B0B2B2-0C7F-47FD-A676-8DF5FF2BC770}.Release|x64.ActiveCfg = Release|Any CPU
		{18B0B2B2-0C7F-47FD-A676-8DF5FF2BC770}.Release|x64.Build.0 = Release|Any CPU
		{18B0B2B2-0C7F-47FD-A676-8DF5FF2BC770}.Release|x86.ActiveCfg = Release|Any CPU
		{18B0B2B2-0C7F-47FD-A676-8DF5FF2BC770}.Release|x86.Build.0 = Release|Any CPU
		{71EF493C-03FD-4A8C-8E48-AD2F5D5023F4}.Debug|Any CPU.ActiveCfg = Debug|Any CPU
		{71EF493C-03FD-4A8C-8E48-AD2F5D5023F4}.Debug|Any CPU.Build.0 = Debug|Any CPU
		{71EF493C-03FD-4A8C-8E48-AD2F5D5023F4}.Debug|x64.ActiveCfg = Debug|Any CPU
		{71EF493C-03FD-4A8C-8E48-AD2F5D5023F4}.Debug|x64.Build.0 = Debug|Any CPU
		{71EF493C-03FD-4A8C-8E48-AD2F5D5023F4}.Debug|x86.ActiveCfg = Debug|Any CPU
		{71EF493C-03FD-4A8C-8E48-AD2F5D5023F4}.Debug|x86.Build.0 = Debug|Any CPU
		{71EF493C-03FD-4A8C-8E48-AD2F5D5023F4}.Release|Any CPU.ActiveCfg = Release|Any CPU
		{71EF493C-03FD-4A8C-8E48-AD2F5D5023F4}.Release|Any CPU.Build.0 = Release|Any CPU
		{71EF493C-03FD-4A8C-8E48-AD2F5D5023F4}.Release|x64.ActiveCfg = Release|Any CPU
		{71EF493C-03FD-4A8C-8E48-AD2F5D5023F4}.Release|x64.Build.0 = Release|Any CPU
		{71EF493C-03FD-4A8C-8E48-AD2F5D5023F4}.Release|x86.ActiveCfg = Release|Any CPU
		{71EF493C-03FD-4A8C-8E48-AD2F5D5023F4}.Release|x86.Build.0 = Release|Any CPU
		{46256190-9AC1-4E4E-831A-468B1EB785DA}.Debug|Any CPU.ActiveCfg = Debug|Any CPU
		{46256190-9AC1-4E4E-831A-468B1EB785DA}.Debug|Any CPU.Build.0 = Debug|Any CPU
		{46256190-9AC1-4E4E-831A-468B1EB785DA}.Debug|x64.ActiveCfg = Debug|Any CPU
		{46256190-9AC1-4E4E-831A-468B1EB785DA}.Debug|x64.Build.0 = Debug|Any CPU
		{46256190-9AC1-4E4E-831A-468B1EB785DA}.Debug|x86.ActiveCfg = Debug|Any CPU
		{46256190-9AC1-4E4E-831A-468B1EB785DA}.Debug|x86.Build.0 = Debug|Any CPU
		{46256190-9AC1-4E4E-831A-468B1EB785DA}.Release|Any CPU.ActiveCfg = Release|Any CPU
		{46256190-9AC1-4E4E-831A-468B1EB785DA}.Release|Any CPU.Build.0 = Release|Any CPU
		{46256190-9AC1-4E4E-831A-468B1EB785DA}.Release|x64.ActiveCfg = Release|Any CPU
		{46256190-9AC1-4E4E-831A-468B1EB785DA}.Release|x64.Build.0 = Release|Any CPU
		{46256190-9AC1-4E4E-831A-468B1EB785DA}.Release|x86.ActiveCfg = Release|Any CPU
		{46256190-9AC1-4E4E-831A-468B1EB785DA}.Release|x86.Build.0 = Release|Any CPU
		{CC508BD3-1E04-49D1-9773-0A447464BA97}.Debug|Any CPU.ActiveCfg = Debug|Any CPU
		{CC508BD3-1E04-49D1-9773-0A447464BA97}.Debug|Any CPU.Build.0 = Debug|Any CPU
		{CC508BD3-1E04-49D1-9773-0A447464BA97}.Debug|x64.ActiveCfg = Debug|Any CPU
		{CC508BD3-1E04-49D1-9773-0A447464BA97}.Debug|x64.Build.0 = Debug|Any CPU
		{CC508BD3-1E04-49D1-9773-0A447464BA97}.Debug|x86.ActiveCfg = Debug|Any CPU
		{CC508BD3-1E04-49D1-9773-0A447464BA97}.Debug|x86.Build.0 = Debug|Any CPU
		{CC508BD3-1E04-49D1-9773-0A447464BA97}.Release|Any CPU.ActiveCfg = Release|Any CPU
		{CC508BD3-1E04-49D1-9773-0A447464BA97}.Release|Any CPU.Build.0 = Release|Any CPU
		{CC508BD3-1E04-49D1-9773-0A447464BA97}.Release|x64.ActiveCfg = Release|Any CPU
		{CC508BD3-1E04-49D1-9773-0A447464BA97}.Release|x64.Build.0 = Release|Any CPU
		{CC508BD3-1E04-49D1-9773-0A447464BA97}.Release|x86.ActiveCfg = Release|Any CPU
		{CC508BD3-1E04-49D1-9773-0A447464BA97}.Release|x86.Build.0 = Release|Any CPU
		{1F06664F-ABCE-4071-9AD2-4FFD6127204A}.Debug|Any CPU.ActiveCfg = Debug|Any CPU
		{1F06664F-ABCE-4071-9AD2-4FFD6127204A}.Debug|Any CPU.Build.0 = Debug|Any CPU
		{1F06664F-ABCE-4071-9AD2-4FFD6127204A}.Debug|x64.ActiveCfg = Debug|Any CPU
		{1F06664F-ABCE-4071-9AD2-4FFD6127204A}.Debug|x64.Build.0 = Debug|Any CPU
		{1F06664F-ABCE-4071-9AD2-4FFD6127204A}.Debug|x86.ActiveCfg = Debug|Any CPU
		{1F06664F-ABCE-4071-9AD2-4FFD6127204A}.Debug|x86.Build.0 = Debug|Any CPU
		{1F06664F-ABCE-4071-9AD2-4FFD6127204A}.Release|Any CPU.ActiveCfg = Release|Any CPU
		{1F06664F-ABCE-4071-9AD2-4FFD6127204A}.Release|Any CPU.Build.0 = Release|Any CPU
		{1F06664F-ABCE-4071-9AD2-4FFD6127204A}.Release|x64.ActiveCfg = Release|Any CPU
		{1F06664F-ABCE-4071-9AD2-4FFD6127204A}.Release|x64.Build.0 = Release|Any CPU
		{1F06664F-ABCE-4071-9AD2-4FFD6127204A}.Release|x86.ActiveCfg = Release|Any CPU
		{1F06664F-ABCE-4071-9AD2-4FFD6127204A}.Release|x86.Build.0 = Release|Any CPU
		{D2DCFAEF-6257-4668-880A-F6EDECC9B1B0}.Debug|Any CPU.ActiveCfg = Debug|Any CPU
		{D2DCFAEF-6257-4668-880A-F6EDECC9B1B0}.Debug|Any CPU.Build.0 = Debug|Any CPU
		{D2DCFAEF-6257-4668-880A-F6EDECC9B1B0}.Debug|x64.ActiveCfg = Debug|Any CPU
		{D2DCFAEF-6257-4668-880A-F6EDECC9B1B0}.Debug|x64.Build.0 = Debug|Any CPU
		{D2DCFAEF-6257-4668-880A-F6EDECC9B1B0}.Debug|x86.ActiveCfg = Debug|Any CPU
		{D2DCFAEF-6257-4668-880A-F6EDECC9B1B0}.Debug|x86.Build.0 = Debug|Any CPU
		{D2DCFAEF-6257-4668-880A-F6EDECC9B1B0}.Release|Any CPU.ActiveCfg = Release|Any CPU
		{D2DCFAEF-6257-4668-880A-F6EDECC9B1B0}.Release|Any CPU.Build.0 = Release|Any CPU
		{D2DCFAEF-6257-4668-880A-F6EDECC9B1B0}.Release|x64.ActiveCfg = Release|Any CPU
		{D2DCFAEF-6257-4668-880A-F6EDECC9B1B0}.Release|x64.Build.0 = Release|Any CPU
		{D2DCFAEF-6257-4668-880A-F6EDECC9B1B0}.Release|x86.ActiveCfg = Release|Any CPU
		{D2DCFAEF-6257-4668-880A-F6EDECC9B1B0}.Release|x86.Build.0 = Release|Any CPU
		{6EAAEB9D-9054-473C-91E9-D21CB22BF447}.Debug|Any CPU.ActiveCfg = Debug|Any CPU
		{6EAAEB9D-9054-473C-91E9-D21CB22BF447}.Debug|Any CPU.Build.0 = Debug|Any CPU
		{6EAAEB9D-9054-473C-91E9-D21CB22BF447}.Debug|x64.ActiveCfg = Debug|Any CPU
		{6EAAEB9D-9054-473C-91E9-D21CB22BF447}.Debug|x64.Build.0 = Debug|Any CPU
		{6EAAEB9D-9054-473C-91E9-D21CB22BF447}.Debug|x86.ActiveCfg = Debug|Any CPU
		{6EAAEB9D-9054-473C-91E9-D21CB22BF447}.Debug|x86.Build.0 = Debug|Any CPU
		{6EAAEB9D-9054-473C-91E9-D21CB22BF447}.Release|Any CPU.ActiveCfg = Release|Any CPU
		{6EAAEB9D-9054-473C-91E9-D21CB22BF447}.Release|Any CPU.Build.0 = Release|Any CPU
		{6EAAEB9D-9054-473C-91E9-D21CB22BF447}.Release|x64.ActiveCfg = Release|Any CPU
		{6EAAEB9D-9054-473C-91E9-D21CB22BF447}.Release|x64.Build.0 = Release|Any CPU
		{6EAAEB9D-9054-473C-91E9-D21CB22BF447}.Release|x86.ActiveCfg = Release|Any CPU
		{6EAAEB9D-9054-473C-91E9-D21CB22BF447}.Release|x86.Build.0 = Release|Any CPU
	EndGlobalSection
EndGlobal
